// !$*UTF8*$!
{
	archiveVersion = 1;
	classes = {
	};
	objectVersion = 46;
	objects = {

/* Begin PBXBuildFile section */
		A358550C1F35B991008737CD /* ZYShopView.m in Sources */ = {isa = PBXBuildFile; fileRef = A358550B1F35B991008737CD /* ZYShopView.m */; };
		A358550E1F35B9C8008737CD /* ZYShopView.xib in Resources */ = {isa = PBXBuildFile; fileRef = A358550D1F35B9C8008737CD /* ZYShopView.xib */; };
		A3BB10761F344AA700D9A659 /* shopData.plist in Resources */ = {isa = PBXBuildFile; fileRef = A3BB10751F344AA700D9A659 /* shopData.plist */; };
		A3BB10791F3456DE00D9A659 /* ZYShop.m in Sources */ = {isa = PBXBuildFile; fileRef = A3BB10781F3456DE00D9A659 /* ZYShop.m */; };
		A3BB107C1F3469A700D9A659 /* ZYTestViewController.m in Sources */ = {isa = PBXBuildFile; fileRef = A3BB107B1F3469A700D9A659 /* ZYTestViewController.m */; };
		A3BD14C61F335828005743D6 /* main.m in Sources */ = {isa = PBXBuildFile; fileRef = A3BD14C51F335828005743D6 /* main.m */; };
		A3BD14C91F335828005743D6 /* AppDelegate.m in Sources */ = {isa = PBXBuildFile; fileRef = A3BD14C81F335828005743D6 /* AppDelegate.m */; };
		A3BD14CC1F335828005743D6 /* ViewController.m in Sources */ = {isa = PBXBuildFile; fileRef = A3BD14CB1F335828005743D6 /* ViewController.m */; };
		A3BD14CF1F335828005743D6 /* Main.storyboard in Resources */ = {isa = PBXBuildFile; fileRef = A3BD14CD1F335828005743D6 /* Main.storyboard */; };
		A3BD14D11F335828005743D6 /* Assets.xcassets in Resources */ = {isa = PBXBuildFile; fileRef = A3BD14D01F335828005743D6 /* Assets.xcassets */; };
		A3BD14D41F335828005743D6 /* LaunchScreen.storyboard in Resources */ = {isa = PBXBuildFile; fileRef = A3BD14D21F335828005743D6 /* LaunchScreen.storyboard */; };
		A3BD14DF1F335828005743D6 /* _3______Tests.m in Sources */ = {isa = PBXBuildFile; fileRef = A3BD14DE1F335828005743D6 /* _3______Tests.m */; };
		A3BD14EA1F335828005743D6 /* _3______UITests.m in Sources */ = {isa = PBXBuildFile; fileRef = A3BD14E91F335828005743D6 /* _3______UITests.m */; };
/* End PBXBuildFile section */

/* Begin PBXContainerItemProxy section */
		A3BD14DB1F335828005743D6 /* PBXContainerItemProxy */ = {
			isa = PBXContainerItemProxy;
			containerPortal = A3BD14B91F335828005743D6 /* Project object */;
			proxyType = 1;
			remoteGlobalIDString = A3BD14C01F335828005743D6;
			remoteInfo = "03-商品购物车";
		};
		A3BD14E61F335828005743D6 /* PBXContainerItemProxy */ = {
			isa = PBXContainerItemProxy;
			containerPortal = A3BD14B91F335828005743D6 /* Project object */;
			proxyType = 1;
			remoteGlobalIDString = A3BD14C01F335828005743D6;
			remoteInfo = "03-商品购物车";
		};
/* End PBXContainerItemProxy section */

/* Begin PBXFileReference section */
		A358550A1F35B991008737CD /* ZYShopView.h */ = {isa = PBXFileReference; fileEncoding = 4; lastKnownFileType = sourcecode.c.h; path = ZYShopView.h; sourceTree = "<group>"; };
		A358550B1F35B991008737CD /* ZYShopView.m */ = {isa = PBXFileReference; fileEncoding = 4; lastKnownFileType = sourcecode.c.objc; path = ZYShopView.m; sourceTree = "<group>"; };
		A358550D1F35B9C8008737CD /* ZYShopView.xib */ = {isa = PBXFileReference; fileEncoding = 4; lastKnownFileType = file.xib; path = ZYShopView.xib; sourceTree = "<group>"; };
		A3BB10751F344AA700D9A659 /* shopData.plist */ = {isa = PBXFileReference; fileEncoding = 4; lastKnownFileType = text.plist.xml; path = shopData.plist; sourceTree = "<group>"; };
		A3BB10771F3456DE00D9A659 /* ZYShop.h */ = {isa = PBXFileReference; fileEncoding = 4; lastKnownFileType = sourcecode.c.h; path = ZYShop.h; sourceTree = "<group>"; };
		A3BB10781F3456DE00D9A659 /* ZYShop.m */ = {isa = PBXFileReference; fileEncoding = 4; lastKnownFileType = sourcecode.c.objc; path = ZYShop.m; sourceTree = "<group>"; };
		A3BB107A1F3469A700D9A659 /* ZYTestViewController.h */ = {isa = PBXFileReference; fileEncoding = 4; lastKnownFileType = sourcecode.c.h; path = ZYTestViewController.h; sourceTree = "<group>"; };
		A3BB107B1F3469A700D9A659 /* ZYTestViewController.m */ = {isa = PBXFileReference; fileEncoding = 4; lastKnownFileType = sourcecode.c.objc; path = ZYTestViewController.m; sourceTree = "<group>"; };
		A3BD14C11F335828005743D6 /* 03-商品购物车.app */ = {isa = PBXFileReference; explicitFileType = wrapper.application; includeInIndex = 0; path = "03-商品购物车.app"; sourceTree = BUILT_PRODUCTS_DIR; };
		A3BD14C51F335828005743D6 /* main.m */ = {isa = PBXFileReference; lastKnownFileType = sourcecode.c.objc; path = main.m; sourceTree = "<group>"; };
		A3BD14C71F335828005743D6 /* AppDelegate.h */ = {isa = PBXFileReference; lastKnownFileType = sourcecode.c.h; path = AppDelegate.h; sourceTree = "<group>"; };
		A3BD14C81F335828005743D6 /* AppDelegate.m */ = {isa = PBXFileReference; lastKnownFileType = sourcecode.c.objc; path = AppDelegate.m; sourceTree = "<group>"; };
		A3BD14CA1F335828005743D6 /* ViewController.h */ = {isa = PBXFileReference; lastKnownFileType = sourcecode.c.h; path = ViewController.h; sourceTree = "<group>"; };
		A3BD14CB1F335828005743D6 /* ViewController.m */ = {isa = PBXFileReference; lastKnownFileType = sourcecode.c.objc; path = ViewController.m; sourceTree = "<group>"; };
		A3BD14CE1F335828005743D6 /* Base */ = {isa = PBXFileReference; lastKnownFileType = file.storyboard; name = Base; path = Base.lproj/Main.storyboard; sourceTree = "<group>"; };
		A3BD14D01F335828005743D6 /* Assets.xcassets */ = {isa = PBXFileReference; lastKnownFileType = folder.assetcatalog; path = Assets.xcassets; sourceTree = "<group>"; };
		A3BD14D31F335828005743D6 /* Base */ = {isa = PBXFileReference; lastKnownFileType = file.storyboard; name = Base; path = Base.lproj/LaunchScreen.storyboard; sourceTree = "<group>"; };
		A3BD14D51F335828005743D6 /* Info.plist */ = {isa = PBXFileReference; lastKnownFileType = text.plist.xml; path = Info.plist; sourceTree = "<group>"; };
		A3BD14DA1F335828005743D6 /* 03-商品购物车Tests.xctest */ = {isa = PBXFileReference; explicitFileType = wrapper.cfbundle; includeInIndex = 0; path = "03-商品购物车Tests.xctest"; sourceTree = BUILT_PRODUCTS_DIR; };
		A3BD14DE1F335828005743D6 /* _3______Tests.m */ = {isa = PBXFileReference; lastKnownFileType = sourcecode.c.objc; path = "_3______Tests.m"; sourceTree = "<group>"; };
		A3BD14E01F335828005743D6 /* Info.plist */ = {isa = PBXFileReference; lastKnownFileType = text.plist.xml; path = Info.plist; sourceTree = "<group>"; };
		A3BD14E51F335828005743D6 /* 03-商品购物车UITests.xctest */ = {isa = PBXFileReference; explicitFileType = wrapper.cfbundle; includeInIndex = 0; path = "03-商品购物车UITests.xctest"; sourceTree = BUILT_PRODUCTS_DIR; };
		A3BD14E91F335828005743D6 /* _3______UITests.m */ = {isa = PBXFileReference; lastKnownFileType = sourcecode.c.objc; path = "_3______UITests.m"; sourceTree = "<group>"; };
		A3BD14EB1F335828005743D6 /* Info.plist */ = {isa = PBXFileReference; lastKnownFileType = text.plist.xml; path = Info.plist; sourceTree = "<group>"; };
/* End PBXFileReference section */

/* Begin PBXFrameworksBuildPhase section */
		A3BD14BE1F335828005743D6 /* Frameworks */ = {
			isa = PBXFrameworksBuildPhase;
			buildActionMask = 2147483647;
			files = (
			);
			runOnlyForDeploymentPostprocessing = 0;
		};
		A3BD14D71F335828005743D6 /* Frameworks */ = {
			isa = PBXFrameworksBuildPhase;
			buildActionMask = 2147483647;
			files = (
			);
			runOnlyForDeploymentPostprocessing = 0;
		};
		A3BD14E21F335828005743D6 /* Frameworks */ = {
			isa = PBXFrameworksBuildPhase;
			buildActionMask = 2147483647;
			files = (
			);
			runOnlyForDeploymentPostprocessing = 0;
		};
/* End PBXFrameworksBuildPhase section */

/* Begin PBXGroup section */
		A3BD14B81F335828005743D6 = {
			isa = PBXGroup;
			children = (
				A3BD14C31F335828005743D6 /* 03-商品购物车 */,
				A3BD14DD1F335828005743D6 /* 03-商品购物车Tests */,
				A3BD14E81F335828005743D6 /* 03-商品购物车UITests */,
				A3BD14C21F335828005743D6 /* Products */,
			);
			sourceTree = "<group>";
		};
		A3BD14C21F335828005743D6 /* Products */ = {
			isa = PBXGroup;
			children = (
				A3BD14C11F335828005743D6 /* 03-商品购物车.app */,
				A3BD14DA1F335828005743D6 /* 03-商品购物车Tests.xctest */,
				A3BD14E51F335828005743D6 /* 03-商品购物车UITests.xctest */,
			);
			name = Products;
			sourceTree = "<group>";
		};
		A3BD14C31F335828005743D6 /* 03-商品购物车 */ = {
			isa = PBXGroup;
			children = (
				A3BD14C71F335828005743D6 /* AppDelegate.h */,
				A3BD14C81F335828005743D6 /* AppDelegate.m */,
				A3BD14CA1F335828005743D6 /* ViewController.h */,
				A3BD14CB1F335828005743D6 /* ViewController.m */,
				A358550A1F35B991008737CD /* ZYShopView.h */,
				A358550B1F35B991008737CD /* ZYShopView.m */,
				A358550D1F35B9C8008737CD /* ZYShopView.xib */,
				A3BB10771F3456DE00D9A659 /* ZYShop.h */,
				A3BB10781F3456DE00D9A659 /* ZYShop.m */,
				A3BD14CD1F335828005743D6 /* Main.storyboard */,
				A3BD14D01F335828005743D6 /* Assets.xcassets */,
				A3BD14D21F335828005743D6 /* LaunchScreen.storyboard */,
				A3BD14D51F335828005743D6 /* Info.plist */,
				A3BD14C41F335828005743D6 /* Supporting Files */,
			);
			path = "03-商品购物车";
			sourceTree = "<group>";
		};
		A3BD14C41F335828005743D6 /* Supporting Files */ = {
			isa = PBXGroup;
			children = (
				A3BB10751F344AA700D9A659 /* shopData.plist */,
				A3BD14C51F335828005743D6 /* main.m */,
				A3BB107A1F3469A700D9A659 /* ZYTestViewController.h */,
				A3BB107B1F3469A700D9A659 /* ZYTestViewController.m */,
			);
			name = "Supporting Files";
			sourceTree = "<group>";
		};
		A3BD14DD1F335828005743D6 /* 03-商品购物车Tests */ = {
			isa = PBXGroup;
			children = (
				A3BD14DE1F335828005743D6 /* _3______Tests.m */,
				A3BD14E01F335828005743D6 /* Info.plist */,
			);
			path = "03-商品购物车Tests";
			sourceTree = "<group>";
		};
		A3BD14E81F335828005743D6 /* 03-商品购物车UITests */ = {
			isa = PBXGroup;
			children = (
				A3BD14E91F335828005743D6 /* _3______UITests.m */,
				A3BD14EB1F335828005743D6 /* Info.plist */,
			);
			path = "03-商品购物车UITests";
			sourceTree = "<group>";
		};
/* End PBXGroup section */

/* Begin PBXNativeTarget section */
		A3BD14C01F335828005743D6 /* 03-商品购物车 */ = {
			isa = PBXNativeTarget;
			buildConfigurationList = A3BD14EE1F335828005743D6 /* Build configuration list for PBXNativeTarget "03-商品购物车" */;
			buildPhases = (
				A3BD14BD1F335828005743D6 /* Sources */,
				A3BD14BE1F335828005743D6 /* Frameworks */,
				A3BD14BF1F335828005743D6 /* Resources */,
			);
			buildRules = (
			);
			dependencies = (
			);
			name = "03-商品购物车";
			productName = "03-商品购物车";
			productReference = A3BD14C11F335828005743D6 /* 03-商品购物车.app */;
			productType = "com.apple.product-type.application";
		};
		A3BD14D91F335828005743D6 /* 03-商品购物车Tests */ = {
			isa = PBXNativeTarget;
			buildConfigurationList = A3BD14F11F335828005743D6 /* Build configuration list for PBXNativeTarget "03-商品购物车Tests" */;
			buildPhases = (
				A3BD14D61F335828005743D6 /* Sources */,
				A3BD14D71F335828005743D6 /* Frameworks */,
				A3BD14D81F335828005743D6 /* Resources */,
			);
			buildRules = (
			);
			dependencies = (
				A3BD14DC1F335828005743D6 /* PBXTargetDependency */,
			);
			name = "03-商品购物车Tests";
			productName = "03-商品购物车Tests";
			productReference = A3BD14DA1F335828005743D6 /* 03-商品购物车Tests.xctest */;
			productType = "com.apple.product-type.bundle.unit-test";
		};
		A3BD14E41F335828005743D6 /* 03-商品购物车UITests */ = {
			isa = PBXNativeTarget;
			buildConfigurationList = A3BD14F41F335828005743D6 /* Build configuration list for PBXNativeTarget "03-商品购物车UITests" */;
			buildPhases = (
				A3BD14E11F335828005743D6 /* Sources */,
				A3BD14E21F335828005743D6 /* Frameworks */,
				A3BD14E31F335828005743D6 /* Resources */,
			);
			buildRules = (
			);
			dependencies = (
				A3BD14E71F335828005743D6 /* PBXTargetDependency */,
			);
			name = "03-商品购物车UITests";
			productName = "03-商品购物车UITests";
			productReference = A3BD14E51F335828005743D6 /* 03-商品购物车UITests.xctest */;
			productType = "com.apple.product-type.bundle.ui-testing";
		};
/* End PBXNativeTarget section */

/* Begin PBXProject section */
		A3BD14B91F335828005743D6 /* Project object */ = {
			isa = PBXProject;
			attributes = {
				CLASSPREFIX = ZY;
				LastUpgradeCheck = 0830;
				ORGANIZATIONNAME = sunny;
				TargetAttributes = {
					A3BD14C01F335828005743D6 = {
						CreatedOnToolsVersion = 8.3.3;
						ProvisioningStyle = Automatic;
					};
					A3BD14D91F335828005743D6 = {
						CreatedOnToolsVersion = 8.3.3;
						ProvisioningStyle = Automatic;
						TestTargetID = A3BD14C01F335828005743D6;
					};
					A3BD14E41F335828005743D6 = {
						CreatedOnToolsVersion = 8.3.3;
						ProvisioningStyle = Automatic;
						TestTargetID = A3BD14C01F335828005743D6;
					};
				};
			};
			buildConfigurationList = A3BD14BC1F335828005743D6 /* Build configuration list for PBXProject "03-商品购物车" */;
			compatibilityVersion = "Xcode 3.2";
			developmentRegion = English;
			hasScannedForEncodings = 0;
			knownRegions = (
				en,
				Base,
			);
			mainGroup = A3BD14B81F335828005743D6;
			productRefGroup = A3BD14C21F335828005743D6 /* Products */;
			projectDirPath = "";
			projectRoot = "";
			targets = (
				A3BD14C01F335828005743D6 /* 03-商品购物车 */,
				A3BD14D91F335828005743D6 /* 03-商品购物车Tests */,
				A3BD14E41F335828005743D6 /* 03-商品购物车UITests */,
			);
		};
/* End PBXProject section */

/* Begin PBXResourcesBuildPhase section */
		A3BD14BF1F335828005743D6 /* Resources */ = {
			isa = PBXResourcesBuildPhase;
			buildActionMask = 2147483647;
			files = (
				A3BB10761F344AA700D9A659 /* shopData.plist in Resources */,
				A3BD14D41F335828005743D6 /* LaunchScreen.storyboard in Resources */,
				A3BD14D11F335828005743D6 /* Assets.xcassets in Resources */,
				A3BD14CF1F335828005743D6 /* Main.storyboard in Resources */,
				A358550E1F35B9C8008737CD /* ZYShopView.xib in Resources */,
			);
			runOnlyForDeploymentPostprocessing = 0;
		};
		A3BD14D81F335828005743D6 /* Resources */ = {
			isa = PBXResourcesBuildPhase;
			buildActionMask = 2147483647;
			files = (
			);
			runOnlyForDeploymentPostprocessing = 0;
		};
		A3BD14E31F335828005743D6 /* Resources */ = {
			isa = PBXResourcesBuildPhase;
			buildActionMask = 2147483647;
			files = (
			);
			runOnlyForDeploymentPostprocessing = 0;
		};
/* End PBXResourcesBuildPhase section */

/* Begin PBXSourcesBuildPhase section */
		A3BD14BD1F335828005743D6 /* Sources */ = {
			isa = PBXSourcesBuildPhase;
			buildActionMask = 2147483647;
			files = (
				A3BD14CC1F335828005743D6 /* ViewController.m in Sources */,
				A358550C1F35B991008737CD /* ZYShopView.m in Sources */,
				A3BD14C91F335828005743D6 /* AppDelegate.m in Sources */,
				A3BD14C61F335828005743D6 /* main.m in Sources */,
				A3BB107C1F3469A700D9A659 /* ZYTestViewController.m in Sources */,
				A3BB10791F3456DE00D9A659 /* ZYShop.m in Sources */,
			);
			runOnlyForDeploymentPostprocessing = 0;
		};
		A3BD14D61F335828005743D6 /* Sources */ = {
			isa = PBXSourcesBuildPhase;
			buildActionMask = 2147483647;
			files = (
				A3BD14DF1F335828005743D6 /* _3______Tests.m in Sources */,
			);
			runOnlyForDeploymentPostprocessing = 0;
		};
		A3BD14E11F335828005743D6 /* Sources */ = {
			isa = PBXSourcesBuildPhase;
			buildActionMask = 2147483647;
			files = (
				A3BD14EA1F335828005743D6 /* _3______UITests.m in Sources */,
			);
			runOnlyForDeploymentPostprocessing = 0;
		};
/* End PBXSourcesBuildPhase section */

/* Begin PBXTargetDependency section */
		A3BD14DC1F335828005743D6 /* PBXTargetDependency */ = {
			isa = PBXTargetDependency;
			target = A3BD14C01F335828005743D6 /* 03-商品购物车 */;
			targetProxy = A3BD14DB1F335828005743D6 /* PBXContainerItemProxy */;
		};
		A3BD14E71F335828005743D6 /* PBXTargetDependency */ = {
			isa = PBXTargetDependency;
			target = A3BD14C01F335828005743D6 /* 03-商品购物车 */;
			targetProxy = A3BD14E61F335828005743D6 /* PBXContainerItemProxy */;
		};
/* End PBXTargetDependency section */

/* Begin PBXVariantGroup section */
		A3BD14CD1F335828005743D6 /* Main.storyboard */ = {
			isa = PBXVariantGroup;
			children = (
				A3BD14CE1F335828005743D6 /* Base */,
			);
			name = Main.storyboard;
			sourceTree = "<group>";
		};
		A3BD14D21F335828005743D6 /* LaunchScreen.storyboard */ = {
			isa = PBXVariantGroup;
			children = (
				A3BD14D31F335828005743D6 /* Base */,
			);
			name = LaunchScreen.storyboard;
			sourceTree = "<group>";
		};
/* End PBXVariantGroup section */

/* Begin XCBuildConfiguration section */
		A3BD14EC1F335828005743D6 /* Debug */ = {
			isa = XCBuildConfiguration;
			buildSettings = {
				ALWAYS_SEARCH_USER_PATHS = NO;
				CLANG_ANALYZER_NONNULL = YES;
				CLANG_ANALYZER_NUMBER_OBJECT_CONVERSION = YES_AGGRESSIVE;
				CLANG_CXX_LANGUAGE_STANDARD = "gnu++0x";
				CLANG_CXX_LIBRARY = "libc++";
				CLANG_ENABLE_MODULES = YES;
				CLANG_ENABLE_OBJC_ARC = YES;
				CLANG_WARN_BOOL_CONVERSION = YES;
				CLANG_WARN_CONSTANT_CONVERSION = YES;
				CLANG_WARN_DIRECT_OBJC_ISA_USAGE = YES_ERROR;
				CLANG_WARN_DOCUMENTATION_COMMENTS = YES;
				CLANG_WARN_EMPTY_BODY = YES;
				CLANG_WARN_ENUM_CONVERSION = YES;
				CLANG_WARN_INFINITE_RECURSION = YES;
				CLANG_WARN_INT_CONVERSION = YES;
				CLANG_WARN_OBJC_ROOT_CLASS = YES_ERROR;
				CLANG_WARN_SUSPICIOUS_MOVE = YES;
				CLANG_WARN_UNREACHABLE_CODE = YES;
				CLANG_WARN__DUPLICATE_METHOD_MATCH = YES;
				"CODE_SIGN_IDENTITY[sdk=iphoneos*]" = "iPhone Developer";
				COPY_PHASE_STRIP = NO;
				DEBUG_INFORMATION_FORMAT = dwarf;
				ENABLE_STRICT_OBJC_MSGSEND = YES;
				ENABLE_TESTABILITY = YES;
				GCC_C_LANGUAGE_STANDARD = gnu99;
				GCC_DYNAMIC_NO_PIC = NO;
				GCC_NO_COMMON_BLOCKS = YES;
				GCC_OPTIMIZATION_LEVEL = 0;
				GCC_PREPROCESSOR_DEFINITIONS = (
					"DEBUG=1",
					"$(inherited)",
				);
				GCC_WARN_64_TO_32_BIT_CONVERSION = YES;
				GCC_WARN_ABOUT_RETURN_TYPE = YES_ERROR;
				GCC_WARN_UNDECLARED_SELECTOR = YES;
				GCC_WARN_UNINITIALIZED_AUTOS = YES_AGGRESSIVE;
				GCC_WARN_UNUSED_FUNCTION = YES;
				GCC_WARN_UNUSED_VARIABLE = YES;
				IPHONEOS_DEPLOYMENT_TARGET = 10.3;
				MTL_ENABLE_DEBUG_INFO = YES;
				ONLY_ACTIVE_ARCH = YES;
				SDKROOT = iphoneos;
			};
			name = Debug;
		};
		A3BD14ED1F335828005743D6 /* Release */ = {
			isa = XCBuildConfiguration;
			buildSettings = {
				ALWAYS_SEARCH_USER_PATHS = NO;
				CLANG_ANALYZER_NONNULL = YES;
				CLANG_ANALYZER_NUMBER_OBJECT_CONVERSION = YES_AGGRESSIVE;
				CLANG_CXX_LANGUAGE_STANDARD = "gnu++0x";
				CLANG_CXX_LIBRARY = "libc++";
				CLANG_ENABLE_MODULES = YES;
				CLANG_ENABLE_OBJC_ARC = YES;
				CLANG_WARN_BOOL_CONVERSION = YES;
				CLANG_WARN_CONSTANT_CONVERSION = YES;
				CLANG_WARN_DIRECT_OBJC_ISA_USAGE = YES_ERROR;
				CLANG_WARN_DOCUMENTATION_COMMENTS = YES;
				CLANG_WARN_EMPTY_BODY = YES;
				CLANG_WARN_ENUM_CONVERSION = YES;
				CLANG_WARN_INFINITE_RECURSION = YES;
				CLANG_WARN_INT_CONVERSION = YES;
				CLANG_WARN_OBJC_ROOT_CLASS = YES_ERROR;
				CLANG_WARN_SUSPICIOUS_MOVE = YES;
				CLANG_WARN_UNREACHABLE_CODE = YES;
				CLANG_WARN__DUPLICATE_METHOD_MATCH = YES;
				"CODE_SIGN_IDENTITY[sdk=iphoneos*]" = "iPhone Developer";
				COPY_PHASE_STRIP = NO;
				DEBUG_INFORMATION_FORMAT = "dwarf-with-dsym";
				ENABLE_NS_ASSERTIONS = NO;
				ENABLE_STRICT_OBJC_MSGSEND = YES;
				GCC_C_LANGUAGE_STANDARD = gnu99;
				GCC_NO_COMMON_BLOCKS = YES;
				GCC_WARN_64_TO_32_BIT_CONVERSION = YES;
				GCC_WARN_ABOUT_RETURN_TYPE = YES_ERROR;
				GCC_WARN_UNDECLARED_SELECTOR = YES;
				GCC_WARN_UNINITIALIZED_AUTOS = YES_AGGRESSIVE;
				GCC_WARN_UNUSED_FUNCTION = YES;
				GCC_WARN_UNUSED_VARIABLE = YES;
				IPHONEOS_DEPLOYMENT_TARGET = 10.3;
				MTL_ENABLE_DEBUG_INFO = NO;
				SDKROOT = iphoneos;
				VALIDATE_PRODUCT = YES;
			};
			name = Release;
		};
		A3BD14EF1F335828005743D6 /* Debug */ = {
			isa = XCBuildConfiguration;
			buildSettings = {
				ASSETCATALOG_COMPILER_APPICON_NAME = AppIcon;
				INFOPLIST_FILE = "03-商品购物车/Info.plist";
				LD_RUNPATH_SEARCH_PATHS = "$(inherited) @executable_path/Frameworks";
				PRODUCT_BUNDLE_IDENTIFIER = "com.sunny.-3------";
				PRODUCT_NAME = "$(TARGET_NAME)";
			};
			name = Debug;
		};
		A3BD14F01F335828005743D6 /* Release */ = {
			isa = XCBuildConfiguration;
			buildSettings = {
				ASSETCATALOG_COMPILER_APPICON_NAME = AppIcon;
				INFOPLIST_FILE = "03-商品购物车/Info.plist";
				LD_RUNPATH_SEARCH_PATHS = "$(inherited) @executable_path/Frameworks";
				PRODUCT_BUNDLE_IDENTIFIER = "com.sunny.-3------";
				PRODUCT_NAME = "$(TARGET_NAME)";
			};
			name = Release;
		};
		A3BD14F21F335828005743D6 /* Debug */ = {
			isa = XCBuildConfiguration;
			buildSettings = {
				BUNDLE_LOADER = "$(TEST_HOST)";
				INFOPLIST_FILE = "03-商品购物车Tests/Info.plist";
				LD_RUNPATH_SEARCH_PATHS = "$(inherited) @executable_path/Frameworks @loader_path/Frameworks";
				PRODUCT_BUNDLE_IDENTIFIER = "com.sunny.-3------Tests";
				PRODUCT_NAME = "$(TARGET_NAME)";
				TEST_HOST = "$(BUILT_PRODUCTS_DIR)/03-商品购物车.app/03-商品购物车";
			};
			name = Debug;
		};
		A3BD14F31F335828005743D6 /* Release */ = {
			isa = XCBuildConfiguration;
			buildSettings = {
				BUNDLE_LOADER = "$(TEST_HOST)";
				INFOPLIST_FILE = "03-商品购物车Tests/Info.plist";
				LD_RUNPATH_SEARCH_PATHS = "$(inherited) @executable_path/Frameworks @loader_path/Frameworks";
				PRODUCT_BUNDLE_IDENTIFIER = "com.sunny.-3------Tests";
				PRODUCT_NAME = "$(TARGET_NAME)";
				TEST_HOST = "$(BUILT_PRODUCTS_DIR)/03-商品购物车.app/03-商品购物车";
			};
			name = Release;
		};
		A3BD14F51F335828005743D6 /* Debug */ = {
			isa = XCBuildConfiguration;
			buildSettings = {
				INFOPLIST_FILE = "03-商品购物车UITests/Info.plist";
				LD_RUNPATH_SEARCH_PATHS = "$(inherited) @executable_path/Frameworks @loader_path/Frameworks";
				PRODUCT_BUNDLE_IDENTIFIER = "com.sunny.-3------UITests";
				PRODUCT_NAME = "$(TARGET_NAME)";
				TEST_TARGET_NAME = "03-商品购物车";
			};
			name = Debug;
		};
		A3BD14F61F335828005743D6 /* Release */ = {
			isa = XCBuildConfiguration;
			buildSettings = {
				INFOPLIST_FILE = "03-商品购物车UITests/Info.plist";
				LD_RUNPATH_SEARCH_PATHS = "$(inherited) @executable_path/Frameworks @loader_path/Frameworks";
				PRODUCT_BUNDLE_IDENTIFIER = "com.sunny.-3------UITests";
				PRODUCT_NAME = "$(TARGET_NAME)";
				TEST_TARGET_NAME = "03-商品购物车";
			};
			name = Release;
		};
/* End XCBuildConfiguration section */

/* Begin XCConfigurationList section */
		A3BD14BC1F335828005743D6 /* Build configuration list for PBXProject "03-商品购物车" */ = {
			isa = XCConfigurationList;
			buildConfigurations = (
				A3BD14EC1F335828005743D6 /* Debug */,
				A3BD14ED1F335828005743D6 /* Release */,
			);
			defaultConfigurationIsVisible = 0;
			defaultConfigurationName = Release;
		};
		A3BD14EE1F335828005743D6 /* Build configuration list for PBXNativeTarget "03-商品购物车" */ = {
			isa = XCConfigurationList;
			buildConfigurations = (
				A3BD14EF1F335828005743D6 /* Debug */,
				A3BD14F01F335828005743D6 /* Release */,
			);
			defaultConfigurationIsVisible = 0;
			defaultConfigurationName = Release;
		};
		A3BD14F11F335828005743D6 /* Build configuration list for PBXNativeTarget "03-商品购物车Tests" */ = {
			isa = XCConfigurationList;
			buildConfigurations = (
				A3BD14F21F335828005743D6 /* Debug */,
				A3BD14F31F335828005743D6 /* Release */,
			);
			defaultConfigurationIsVisible = 0;
			defaultConfigurationName = Release;
		};
		A3BD14F41F335828005743D6 /* Build configuration list for PBXNativeTarget "03-商品购物车UITests" */ = {
			isa = XCConfigurationList;
			buildConfigurations = (
				A3BD14F51F335828005743D6 /* Debug */,
				A3BD14F61F335828005743D6 /* Release */,
			);
			defaultConfigurationIsVisible = 0;
			defaultConfigurationName = Release;
		};
/* End XCConfigurationList section */
	};
	rootObject = A3BD14B91F335828005743D6 /* Project object */;
}
