// !$*UTF8*$!
{
	archiveVersion = 1;
	classes = {
	};
	objectVersion = 46;
	objects = {

/* Begin PBXBuildFile section */
		A3530D2A1F16FD6900E6685D /* main.c in Sources */ = {isa = PBXBuildFile; fileRef = A3530D291F16FD6900E6685D /* main.c */; };
		A3530D371F16FD8700E6685D /* main.c in Sources */ = {isa = PBXBuildFile; fileRef = A3530D361F16FD8700E6685D /* main.c */; };
		A3530D421F17019000E6685D /* main.c in Sources */ = {isa = PBXBuildFile; fileRef = A3530D411F17019000E6685D /* main.c */; };
		A3530D481F1702A800E6685D /* zs.c in Sources */ = {isa = PBXBuildFile; fileRef = A3530D461F1702A800E6685D /* zs.c */; };
		A3530D501F17067C00E6685D /* main.c in Sources */ = {isa = PBXBuildFile; fileRef = A3530D4F1F17067C00E6685D /* main.c */; };
		A3530D5B1F1711CE00E6685D /* main.c in Sources */ = {isa = PBXBuildFile; fileRef = A3530D5A1F1711CE00E6685D /* main.c */; };
		A3530D661F171AD000E6685D /* main.c in Sources */ = {isa = PBXBuildFile; fileRef = A3530D651F171AD000E6685D /* main.c */; };
		A3530D711F17565100E6685D /* main.c in Sources */ = {isa = PBXBuildFile; fileRef = A3530D701F17565100E6685D /* main.c */; };
		A3530D7C1F17595600E6685D /* main.c in Sources */ = {isa = PBXBuildFile; fileRef = A3530D7B1F17595600E6685D /* main.c */; };
		A3530D821F175A9800E6685D /* zs.c in Sources */ = {isa = PBXBuildFile; fileRef = A3530D801F175A9800E6685D /* zs.c */; };
		A3530D8A1F1761DD00E6685D /* main.c in Sources */ = {isa = PBXBuildFile; fileRef = A3530D891F1761DD00E6685D /* main.c */; };
		A3530D951F17726900E6685D /* main.c in Sources */ = {isa = PBXBuildFile; fileRef = A3530D941F17726900E6685D /* main.c */; };
		A3530DA01F1776B200E6685D /* main.c in Sources */ = {isa = PBXBuildFile; fileRef = A3530D9F1F1776B200E6685D /* main.c */; };
/* End PBXBuildFile section */

/* Begin PBXCopyFilesBuildPhase section */
		A3530D241F16FD6900E6685D /* CopyFiles */ = {
			isa = PBXCopyFilesBuildPhase;
			buildActionMask = 2147483647;
			dstPath = /usr/share/man/man1/;
			dstSubfolderSpec = 0;
			files = (
			);
			runOnlyForDeploymentPostprocessing = 1;
		};
		A3530D321F16FD8700E6685D /* CopyFiles */ = {
			isa = PBXCopyFilesBuildPhase;
			buildActionMask = 2147483647;
			dstPath = /usr/share/man/man1/;
			dstSubfolderSpec = 0;
			files = (
			);
			runOnlyForDeploymentPostprocessing = 1;
		};
		A3530D3D1F17019000E6685D /* CopyFiles */ = {
			isa = PBXCopyFilesBuildPhase;
			buildActionMask = 2147483647;
			dstPath = /usr/share/man/man1/;
			dstSubfolderSpec = 0;
			files = (
			);
			runOnlyForDeploymentPostprocessing = 1;
		};
		A3530D4B1F17067C00E6685D /* CopyFiles */ = {
			isa = PBXCopyFilesBuildPhase;
			buildActionMask = 2147483647;
			dstPath = /usr/share/man/man1/;
			dstSubfolderSpec = 0;
			files = (
			);
			runOnlyForDeploymentPostprocessing = 1;
		};
		A3530D561F1711CE00E6685D /* CopyFiles */ = {
			isa = PBXCopyFilesBuildPhase;
			buildActionMask = 2147483647;
			dstPath = /usr/share/man/man1/;
			dstSubfolderSpec = 0;
			files = (
			);
			runOnlyForDeploymentPostprocessing = 1;
		};
		A3530D611F171AD000E6685D /* CopyFiles */ = {
			isa = PBXCopyFilesBuildPhase;
			buildActionMask = 2147483647;
			dstPath = /usr/share/man/man1/;
			dstSubfolderSpec = 0;
			files = (
			);
			runOnlyForDeploymentPostprocessing = 1;
		};
		A3530D6C1F17565100E6685D /* CopyFiles */ = {
			isa = PBXCopyFilesBuildPhase;
			buildActionMask = 2147483647;
			dstPath = /usr/share/man/man1/;
			dstSubfolderSpec = 0;
			files = (
			);
			runOnlyForDeploymentPostprocessing = 1;
		};
		A3530D771F17595600E6685D /* CopyFiles */ = {
			isa = PBXCopyFilesBuildPhase;
			buildActionMask = 2147483647;
			dstPath = /usr/share/man/man1/;
			dstSubfolderSpec = 0;
			files = (
			);
			runOnlyForDeploymentPostprocessing = 1;
		};
		A3530D851F1761DD00E6685D /* CopyFiles */ = {
			isa = PBXCopyFilesBuildPhase;
			buildActionMask = 2147483647;
			dstPath = /usr/share/man/man1/;
			dstSubfolderSpec = 0;
			files = (
			);
			runOnlyForDeploymentPostprocessing = 1;
		};
		A3530D901F17726900E6685D /* CopyFiles */ = {
			isa = PBXCopyFilesBuildPhase;
			buildActionMask = 2147483647;
			dstPath = /usr/share/man/man1/;
			dstSubfolderSpec = 0;
			files = (
			);
			runOnlyForDeploymentPostprocessing = 1;
		};
		A3530D9B1F1776B200E6685D /* CopyFiles */ = {
			isa = PBXCopyFilesBuildPhase;
			buildActionMask = 2147483647;
			dstPath = /usr/share/man/man1/;
			dstSubfolderSpec = 0;
			files = (
			);
			runOnlyForDeploymentPostprocessing = 1;
		};
/* End PBXCopyFilesBuildPhase section */

/* Begin PBXFileReference section */
		A3530D261F16FD6900E6685D /* lastDay */ = {isa = PBXFileReference; explicitFileType = "compiled.mach-o.executable"; includeInIndex = 0; path = lastDay; sourceTree = BUILT_PRODUCTS_DIR; };
		A3530D291F16FD6900E6685D /* main.c */ = {isa = PBXFileReference; lastKnownFileType = sourcecode.c.c; path = main.c; sourceTree = "<group>"; };
		A3530D341F16FD8700E6685D /* static对局部变量的作用 */ = {isa = PBXFileReference; explicitFileType = "compiled.mach-o.executable"; includeInIndex = 0; path = "static对局部变量的作用"; sourceTree = BUILT_PRODUCTS_DIR; };
		A3530D361F16FD8700E6685D /* main.c */ = {isa = PBXFileReference; lastKnownFileType = sourcecode.c.c; path = main.c; sourceTree = "<group>"; };
		A3530D3F1F17019000E6685D /* extern和static对函数的作用 */ = {isa = PBXFileReference; explicitFileType = "compiled.mach-o.executable"; includeInIndex = 0; path = "extern和static对函数的作用"; sourceTree = BUILT_PRODUCTS_DIR; };
		A3530D411F17019000E6685D /* main.c */ = {isa = PBXFileReference; lastKnownFileType = sourcecode.c.c; path = main.c; sourceTree = "<group>"; };
		A3530D461F1702A800E6685D /* zs.c */ = {isa = PBXFileReference; fileEncoding = 4; lastKnownFileType = sourcecode.c.c; path = zs.c; sourceTree = "<group>"; };
		A3530D471F1702A800E6685D /* zs.h */ = {isa = PBXFileReference; fileEncoding = 4; lastKnownFileType = sourcecode.c.h; path = zs.h; sourceTree = "<group>"; };
		A3530D4D1F17067C00E6685D /* 宏定义 */ = {isa = PBXFileReference; explicitFileType = "compiled.mach-o.executable"; includeInIndex = 0; path = "宏定义"; sourceTree = BUILT_PRODUCTS_DIR; };
		A3530D4F1F17067C00E6685D /* main.c */ = {isa = PBXFileReference; lastKnownFileType = sourcecode.c.c; path = main.c; sourceTree = "<group>"; };
		A3530D581F1711CE00E6685D /* 带参宏定义 */ = {isa = PBXFileReference; explicitFileType = "compiled.mach-o.executable"; includeInIndex = 0; path = "带参宏定义"; sourceTree = BUILT_PRODUCTS_DIR; };
		A3530D5A1F1711CE00E6685D /* main.c */ = {isa = PBXFileReference; lastKnownFileType = sourcecode.c.c; path = main.c; sourceTree = "<group>"; };
		A3530D631F171AD000E6685D /* 条件编译 */ = {isa = PBXFileReference; explicitFileType = "compiled.mach-o.executable"; includeInIndex = 0; path = "条件编译"; sourceTree = BUILT_PRODUCTS_DIR; };
		A3530D651F171AD000E6685D /* main.c */ = {isa = PBXFileReference; lastKnownFileType = sourcecode.c.c; path = main.c; sourceTree = "<group>"; };
		A3530D6E1F17565100E6685D /* 条件编译的其他写法 */ = {isa = PBXFileReference; explicitFileType = "compiled.mach-o.executable"; includeInIndex = 0; path = "条件编译的其他写法"; sourceTree = BUILT_PRODUCTS_DIR; };
		A3530D701F17565100E6685D /* main.c */ = {isa = PBXFileReference; lastKnownFileType = sourcecode.c.c; path = main.c; sourceTree = "<group>"; };
		A3530D791F17595600E6685D /* 文件包含 */ = {isa = PBXFileReference; explicitFileType = "compiled.mach-o.executable"; includeInIndex = 0; path = "文件包含"; sourceTree = BUILT_PRODUCTS_DIR; };
		A3530D7B1F17595600E6685D /* main.c */ = {isa = PBXFileReference; lastKnownFileType = sourcecode.c.c; path = main.c; sourceTree = "<group>"; };
		A3530D801F175A9800E6685D /* zs.c */ = {isa = PBXFileReference; fileEncoding = 4; lastKnownFileType = sourcecode.c.c; path = zs.c; sourceTree = "<group>"; };
		A3530D811F175A9800E6685D /* zs.h */ = {isa = PBXFileReference; fileEncoding = 4; lastKnownFileType = sourcecode.c.h; path = zs.h; sourceTree = "<group>"; };
		A3530D871F1761DD00E6685D /* typedef */ = {isa = PBXFileReference; explicitFileType = "compiled.mach-o.executable"; includeInIndex = 0; path = typedef; sourceTree = BUILT_PRODUCTS_DIR; };
		A3530D891F1761DD00E6685D /* main.c */ = {isa = PBXFileReference; lastKnownFileType = sourcecode.c.c; path = main.c; sourceTree = "<group>"; };
		A3530D921F17726900E6685D /* typedef和宏定义的区别 */ = {isa = PBXFileReference; explicitFileType = "compiled.mach-o.executable"; includeInIndex = 0; path = "typedef和宏定义的区别"; sourceTree = BUILT_PRODUCTS_DIR; };
		A3530D941F17726900E6685D /* main.c */ = {isa = PBXFileReference; lastKnownFileType = sourcecode.c.c; path = main.c; sourceTree = "<group>"; };
		A3530D9D1F1776B200E6685D /* const */ = {isa = PBXFileReference; explicitFileType = "compiled.mach-o.executable"; includeInIndex = 0; path = const; sourceTree = BUILT_PRODUCTS_DIR; };
		A3530D9F1F1776B200E6685D /* main.c */ = {isa = PBXFileReference; lastKnownFileType = sourcecode.c.c; path = main.c; sourceTree = "<group>"; };
/* End PBXFileReference section */

/* Begin PBXFrameworksBuildPhase section */
		A3530D231F16FD6900E6685D /* Frameworks */ = {
			isa = PBXFrameworksBuildPhase;
			buildActionMask = 2147483647;
			files = (
			);
			runOnlyForDeploymentPostprocessing = 0;
		};
		A3530D311F16FD8700E6685D /* Frameworks */ = {
			isa = PBXFrameworksBuildPhase;
			buildActionMask = 2147483647;
			files = (
			);
			runOnlyForDeploymentPostprocessing = 0;
		};
		A3530D3C1F17019000E6685D /* Frameworks */ = {
			isa = PBXFrameworksBuildPhase;
			buildActionMask = 2147483647;
			files = (
			);
			runOnlyForDeploymentPostprocessing = 0;
		};
		A3530D4A1F17067C00E6685D /* Frameworks */ = {
			isa = PBXFrameworksBuildPhase;
			buildActionMask = 2147483647;
			files = (
			);
			runOnlyForDeploymentPostprocessing = 0;
		};
		A3530D551F1711CE00E6685D /* Frameworks */ = {
			isa = PBXFrameworksBuildPhase;
			buildActionMask = 2147483647;
			files = (
			);
			runOnlyForDeploymentPostprocessing = 0;
		};
		A3530D601F171AD000E6685D /* Frameworks */ = {
			isa = PBXFrameworksBuildPhase;
			buildActionMask = 2147483647;
			files = (
			);
			runOnlyForDeploymentPostprocessing = 0;
		};
		A3530D6B1F17565100E6685D /* Frameworks */ = {
			isa = PBXFrameworksBuildPhase;
			buildActionMask = 2147483647;
			files = (
			);
			runOnlyForDeploymentPostprocessing = 0;
		};
		A3530D761F17595600E6685D /* Frameworks */ = {
			isa = PBXFrameworksBuildPhase;
			buildActionMask = 2147483647;
			files = (
			);
			runOnlyForDeploymentPostprocessing = 0;
		};
		A3530D841F1761DD00E6685D /* Frameworks */ = {
			isa = PBXFrameworksBuildPhase;
			buildActionMask = 2147483647;
			files = (
			);
			runOnlyForDeploymentPostprocessing = 0;
		};
		A3530D8F1F17726900E6685D /* Frameworks */ = {
			isa = PBXFrameworksBuildPhase;
			buildActionMask = 2147483647;
			files = (
			);
			runOnlyForDeploymentPostprocessing = 0;
		};
		A3530D9A1F1776B200E6685D /* Frameworks */ = {
			isa = PBXFrameworksBuildPhase;
			buildActionMask = 2147483647;
			files = (
			);
			runOnlyForDeploymentPostprocessing = 0;
		};
/* End PBXFrameworksBuildPhase section */

/* Begin PBXGroup section */
		A3530D1D1F16FD6900E6685D = {
			isa = PBXGroup;
			children = (
				A3530D281F16FD6900E6685D /* lastDay */,
				A3530D351F16FD8700E6685D /* static对局部变量的作用 */,
				A3530D401F17019000E6685D /* extern和static对函数的作用 */,
				A3530D4E1F17067C00E6685D /* 宏定义 */,
				A3530D591F1711CE00E6685D /* 带参宏定义 */,
				A3530D641F171AD000E6685D /* 条件编译 */,
				A3530D6F1F17565100E6685D /* 条件编译的其他写法 */,
				A3530D7A1F17595600E6685D /* 文件包含 */,
				A3530D881F1761DD00E6685D /* typedef */,
				A3530D931F17726900E6685D /* typedef和宏定义的区别 */,
				A3530D9E1F1776B200E6685D /* const */,
				A3530D271F16FD6900E6685D /* Products */,
			);
			sourceTree = "<group>";
		};
		A3530D271F16FD6900E6685D /* Products */ = {
			isa = PBXGroup;
			children = (
				A3530D261F16FD6900E6685D /* lastDay */,
				A3530D341F16FD8700E6685D /* static对局部变量的作用 */,
				A3530D3F1F17019000E6685D /* extern和static对函数的作用 */,
				A3530D4D1F17067C00E6685D /* 宏定义 */,
				A3530D581F1711CE00E6685D /* 带参宏定义 */,
				A3530D631F171AD000E6685D /* 条件编译 */,
				A3530D6E1F17565100E6685D /* 条件编译的其他写法 */,
				A3530D791F17595600E6685D /* 文件包含 */,
				A3530D871F1761DD00E6685D /* typedef */,
				A3530D921F17726900E6685D /* typedef和宏定义的区别 */,
				A3530D9D1F1776B200E6685D /* const */,
			);
			name = Products;
			sourceTree = "<group>";
		};
		A3530D281F16FD6900E6685D /* lastDay */ = {
			isa = PBXGroup;
			children = (
				A3530D291F16FD6900E6685D /* main.c */,
			);
			path = lastDay;
			sourceTree = "<group>";
		};
		A3530D351F16FD8700E6685D /* static对局部变量的作用 */ = {
			isa = PBXGroup;
			children = (
				A3530D361F16FD8700E6685D /* main.c */,
			);
			path = "static对局部变量的作用";
			sourceTree = "<group>";
		};
		A3530D401F17019000E6685D /* extern和static对函数的作用 */ = {
			isa = PBXGroup;
			children = (
				A3530D411F17019000E6685D /* main.c */,
				A3530D461F1702A800E6685D /* zs.c */,
				A3530D471F1702A800E6685D /* zs.h */,
			);
			path = "extern和static对函数的作用";
			sourceTree = "<group>";
		};
		A3530D4E1F17067C00E6685D /* 宏定义 */ = {
			isa = PBXGroup;
			children = (
				A3530D4F1F17067C00E6685D /* main.c */,
			);
			path = "宏定义";
			sourceTree = "<group>";
		};
		A3530D591F1711CE00E6685D /* 带参宏定义 */ = {
			isa = PBXGroup;
			children = (
				A3530D5A1F1711CE00E6685D /* main.c */,
			);
			path = "带参宏定义";
			sourceTree = "<group>";
		};
		A3530D641F171AD000E6685D /* 条件编译 */ = {
			isa = PBXGroup;
			children = (
				A3530D651F171AD000E6685D /* main.c */,
			);
			path = "条件编译";
			sourceTree = "<group>";
		};
		A3530D6F1F17565100E6685D /* 条件编译的其他写法 */ = {
			isa = PBXGroup;
			children = (
				A3530D701F17565100E6685D /* main.c */,
			);
			path = "条件编译的其他写法";
			sourceTree = "<group>";
		};
		A3530D7A1F17595600E6685D /* 文件包含 */ = {
			isa = PBXGroup;
			children = (
				A3530D7B1F17595600E6685D /* main.c */,
				A3530D801F175A9800E6685D /* zs.c */,
				A3530D811F175A9800E6685D /* zs.h */,
			);
			path = "文件包含";
			sourceTree = "<group>";
		};
		A3530D881F1761DD00E6685D /* typedef */ = {
			isa = PBXGroup;
			children = (
				A3530D891F1761DD00E6685D /* main.c */,
			);
			path = typedef;
			sourceTree = "<group>";
		};
		A3530D931F17726900E6685D /* typedef和宏定义的区别 */ = {
			isa = PBXGroup;
			children = (
				A3530D941F17726900E6685D /* main.c */,
			);
			path = "typedef和宏定义的区别";
			sourceTree = "<group>";
		};
		A3530D9E1F1776B200E6685D /* const */ = {
			isa = PBXGroup;
			children = (
				A3530D9F1F1776B200E6685D /* main.c */,
			);
			path = const;
			sourceTree = "<group>";
		};
/* End PBXGroup section */

/* Begin PBXNativeTarget section */
		A3530D251F16FD6900E6685D /* lastDay */ = {
			isa = PBXNativeTarget;
			buildConfigurationList = A3530D2D1F16FD6900E6685D /* Build configuration list for PBXNativeTarget "lastDay" */;
			buildPhases = (
				A3530D221F16FD6900E6685D /* Sources */,
				A3530D231F16FD6900E6685D /* Frameworks */,
				A3530D241F16FD6900E6685D /* CopyFiles */,
			);
			buildRules = (
			);
			dependencies = (
			);
			name = lastDay;
			productName = lastDay;
			productReference = A3530D261F16FD6900E6685D /* lastDay */;
			productType = "com.apple.product-type.tool";
		};
		A3530D331F16FD8700E6685D /* static对局部变量的作用 */ = {
			isa = PBXNativeTarget;
			buildConfigurationList = A3530D381F16FD8700E6685D /* Build configuration list for PBXNativeTarget "static对局部变量的作用" */;
			buildPhases = (
				A3530D301F16FD8700E6685D /* Sources */,
				A3530D311F16FD8700E6685D /* Frameworks */,
				A3530D321F16FD8700E6685D /* CopyFiles */,
			);
			buildRules = (
			);
			dependencies = (
			);
			name = "static对局部变量的作用";
			productName = "static对局部变量的作用";
			productReference = A3530D341F16FD8700E6685D /* static对局部变量的作用 */;
			productType = "com.apple.product-type.tool";
		};
		A3530D3E1F17019000E6685D /* extern和static对函数的作用 */ = {
			isa = PBXNativeTarget;
			buildConfigurationList = A3530D431F17019000E6685D /* Build configuration list for PBXNativeTarget "extern和static对函数的作用" */;
			buildPhases = (
				A3530D3B1F17019000E6685D /* Sources */,
				A3530D3C1F17019000E6685D /* Frameworks */,
				A3530D3D1F17019000E6685D /* CopyFiles */,
			);
			buildRules = (
			);
			dependencies = (
			);
			name = "extern和static对函数的作用";
			productName = "extern和static对函数的作用";
			productReference = A3530D3F1F17019000E6685D /* extern和static对函数的作用 */;
			productType = "com.apple.product-type.tool";
		};
		A3530D4C1F17067C00E6685D /* 宏定义 */ = {
			isa = PBXNativeTarget;
			buildConfigurationList = A3530D511F17067C00E6685D /* Build configuration list for PBXNativeTarget "宏定义" */;
			buildPhases = (
				A3530D491F17067C00E6685D /* Sources */,
				A3530D4A1F17067C00E6685D /* Frameworks */,
				A3530D4B1F17067C00E6685D /* CopyFiles */,
			);
			buildRules = (
			);
			dependencies = (
			);
			name = "宏定义";
			productName = "宏定义";
			productReference = A3530D4D1F17067C00E6685D /* 宏定义 */;
			productType = "com.apple.product-type.tool";
		};
		A3530D571F1711CE00E6685D /* 带参宏定义 */ = {
			isa = PBXNativeTarget;
			buildConfigurationList = A3530D5C1F1711CE00E6685D /* Build configuration list for PBXNativeTarget "带参宏定义" */;
			buildPhases = (
				A3530D541F1711CE00E6685D /* Sources */,
				A3530D551F1711CE00E6685D /* Frameworks */,
				A3530D561F1711CE00E6685D /* CopyFiles */,
			);
			buildRules = (
			);
			dependencies = (
			);
			name = "带参宏定义";
			productName = "带参宏定义";
			productReference = A3530D581F1711CE00E6685D /* 带参宏定义 */;
			productType = "com.apple.product-type.tool";
		};
		A3530D621F171AD000E6685D /* 条件编译 */ = {
			isa = PBXNativeTarget;
			buildConfigurationList = A3530D671F171AD000E6685D /* Build configuration list for PBXNativeTarget "条件编译" */;
			buildPhases = (
				A3530D5F1F171AD000E6685D /* Sources */,
				A3530D601F171AD000E6685D /* Frameworks */,
				A3530D611F171AD000E6685D /* CopyFiles */,
			);
			buildRules = (
			);
			dependencies = (
			);
			name = "条件编译";
			productName = "条件编译";
			productReference = A3530D631F171AD000E6685D /* 条件编译 */;
			productType = "com.apple.product-type.tool";
		};
		A3530D6D1F17565100E6685D /* 条件编译的其他写法 */ = {
			isa = PBXNativeTarget;
			buildConfigurationList = A3530D721F17565100E6685D /* Build configuration list for PBXNativeTarget "条件编译的其他写法" */;
			buildPhases = (
				A3530D6A1F17565100E6685D /* Sources */,
				A3530D6B1F17565100E6685D /* Frameworks */,
				A3530D6C1F17565100E6685D /* CopyFiles */,
			);
			buildRules = (
			);
			dependencies = (
			);
			name = "条件编译的其他写法";
			productName = "条件编译的其他写法";
			productReference = A3530D6E1F17565100E6685D /* 条件编译的其他写法 */;
			productType = "com.apple.product-type.tool";
		};
		A3530D781F17595600E6685D /* 文件包含 */ = {
			isa = PBXNativeTarget;
			buildConfigurationList = A3530D7D1F17595600E6685D /* Build configuration list for PBXNativeTarget "文件包含" */;
			buildPhases = (
				A3530D751F17595600E6685D /* Sources */,
				A3530D761F17595600E6685D /* Frameworks */,
				A3530D771F17595600E6685D /* CopyFiles */,
			);
			buildRules = (
			);
			dependencies = (
			);
			name = "文件包含";
			productName = "文件包含";
			productReference = A3530D791F17595600E6685D /* 文件包含 */;
			productType = "com.apple.product-type.tool";
		};
		A3530D861F1761DD00E6685D /* typedef */ = {
			isa = PBXNativeTarget;
			buildConfigurationList = A3530D8B1F1761DD00E6685D /* Build configuration list for PBXNativeTarget "typedef" */;
			buildPhases = (
				A3530D831F1761DD00E6685D /* Sources */,
				A3530D841F1761DD00E6685D /* Frameworks */,
				A3530D851F1761DD00E6685D /* CopyFiles */,
			);
			buildRules = (
			);
			dependencies = (
			);
			name = typedef;
			productName = typedef;
			productReference = A3530D871F1761DD00E6685D /* typedef */;
			productType = "com.apple.product-type.tool";
		};
		A3530D911F17726900E6685D /* typedef和宏定义的区别 */ = {
			isa = PBXNativeTarget;
			buildConfigurationList = A3530D981F17726900E6685D /* Build configuration list for PBXNativeTarget "typedef和宏定义的区别" */;
			buildPhases = (
				A3530D8E1F17726900E6685D /* Sources */,
				A3530D8F1F17726900E6685D /* Frameworks */,
				A3530D901F17726900E6685D /* CopyFiles */,
			);
			buildRules = (
			);
			dependencies = (
			);
			name = "typedef和宏定义的区别";
			productName = "typedef和宏定义的区别";
			productReference = A3530D921F17726900E6685D /* typedef和宏定义的区别 */;
			productType = "com.apple.product-type.tool";
		};
		A3530D9C1F1776B200E6685D /* const */ = {
			isa = PBXNativeTarget;
			buildConfigurationList = A3530DA11F1776B200E6685D /* Build configuration list for PBXNativeTarget "const" */;
			buildPhases = (
				A3530D991F1776B200E6685D /* Sources */,
				A3530D9A1F1776B200E6685D /* Frameworks */,
				A3530D9B1F1776B200E6685D /* CopyFiles */,
			);
			buildRules = (
			);
			dependencies = (
			);
			name = const;
			productName = const;
			productReference = A3530D9D1F1776B200E6685D /* const */;
			productType = "com.apple.product-type.tool";
		};
/* End PBXNativeTarget section */

/* Begin PBXProject section */
		A3530D1E1F16FD6900E6685D /* Project object */ = {
			isa = PBXProject;
			attributes = {
				LastUpgradeCheck = 0830;
				ORGANIZATIONNAME = sunny;
				TargetAttributes = {
					A3530D251F16FD6900E6685D = {
						CreatedOnToolsVersion = 8.3.3;
						ProvisioningStyle = Automatic;
					};
					A3530D331F16FD8700E6685D = {
						CreatedOnToolsVersion = 8.3.3;
						ProvisioningStyle = Automatic;
					};
					A3530D3E1F17019000E6685D = {
						CreatedOnToolsVersion = 8.3.3;
						ProvisioningStyle = Automatic;
					};
					A3530D4C1F17067C00E6685D = {
						CreatedOnToolsVersion = 8.3.3;
						ProvisioningStyle = Automatic;
					};
					A3530D571F1711CE00E6685D = {
						CreatedOnToolsVersion = 8.3.3;
						ProvisioningStyle = Automatic;
					};
					A3530D621F171AD000E6685D = {
						CreatedOnToolsVersion = 8.3.3;
						ProvisioningStyle = Automatic;
					};
					A3530D6D1F17565100E6685D = {
						CreatedOnToolsVersion = 8.3.3;
						ProvisioningStyle = Automatic;
					};
					A3530D781F17595600E6685D = {
						CreatedOnToolsVersion = 8.3.3;
						ProvisioningStyle = Automatic;
					};
					A3530D861F1761DD00E6685D = {
						CreatedOnToolsVersion = 8.3.3;
						ProvisioningStyle = Automatic;
					};
					A3530D911F17726900E6685D = {
						CreatedOnToolsVersion = 8.3.3;
						ProvisioningStyle = Automatic;
					};
					A3530D9C1F1776B200E6685D = {
						CreatedOnToolsVersion = 8.3.3;
						ProvisioningStyle = Automatic;
					};
				};
			};
			buildConfigurationList = A3530D211F16FD6900E6685D /* Build configuration list for PBXProject "lastDay" */;
			compatibilityVersion = "Xcode 3.2";
			developmentRegion = English;
			hasScannedForEncodings = 0;
			knownRegions = (
				en,
			);
			mainGroup = A3530D1D1F16FD6900E6685D;
			productRefGroup = A3530D271F16FD6900E6685D /* Products */;
			projectDirPath = "";
			projectRoot = "";
			targets = (
				A3530D251F16FD6900E6685D /* lastDay */,
				A3530D331F16FD8700E6685D /* static对局部变量的作用 */,
				A3530D3E1F17019000E6685D /* extern和static对函数的作用 */,
				A3530D4C1F17067C00E6685D /* 宏定义 */,
				A3530D571F1711CE00E6685D /* 带参宏定义 */,
				A3530D621F171AD000E6685D /* 条件编译 */,
				A3530D6D1F17565100E6685D /* 条件编译的其他写法 */,
				A3530D781F17595600E6685D /* 文件包含 */,
				A3530D861F1761DD00E6685D /* typedef */,
				A3530D911F17726900E6685D /* typedef和宏定义的区别 */,
				A3530D9C1F1776B200E6685D /* const */,
			);
		};
/* End PBXProject section */

/* Begin PBXSourcesBuildPhase section */
		A3530D221F16FD6900E6685D /* Sources */ = {
			isa = PBXSourcesBuildPhase;
			buildActionMask = 2147483647;
			files = (
				A3530D2A1F16FD6900E6685D /* main.c in Sources */,
			);
			runOnlyForDeploymentPostprocessing = 0;
		};
		A3530D301F16FD8700E6685D /* Sources */ = {
			isa = PBXSourcesBuildPhase;
			buildActionMask = 2147483647;
			files = (
				A3530D371F16FD8700E6685D /* main.c in Sources */,
			);
			runOnlyForDeploymentPostprocessing = 0;
		};
		A3530D3B1F17019000E6685D /* Sources */ = {
			isa = PBXSourcesBuildPhase;
			buildActionMask = 2147483647;
			files = (
				A3530D481F1702A800E6685D /* zs.c in Sources */,
				A3530D421F17019000E6685D /* main.c in Sources */,
			);
			runOnlyForDeploymentPostprocessing = 0;
		};
		A3530D491F17067C00E6685D /* Sources */ = {
			isa = PBXSourcesBuildPhase;
			buildActionMask = 2147483647;
			files = (
				A3530D501F17067C00E6685D /* main.c in Sources */,
			);
			runOnlyForDeploymentPostprocessing = 0;
		};
		A3530D541F1711CE00E6685D /* Sources */ = {
			isa = PBXSourcesBuildPhase;
			buildActionMask = 2147483647;
			files = (
				A3530D5B1F1711CE00E6685D /* main.c in Sources */,
			);
			runOnlyForDeploymentPostprocessing = 0;
		};
		A3530D5F1F171AD000E6685D /* Sources */ = {
			isa = PBXSourcesBuildPhase;
			buildActionMask = 2147483647;
			files = (
				A3530D661F171AD000E6685D /* main.c in Sources */,
			);
			runOnlyForDeploymentPostprocessing = 0;
		};
		A3530D6A1F17565100E6685D /* Sources */ = {
			isa = PBXSourcesBuildPhase;
			buildActionMask = 2147483647;
			files = (
				A3530D711F17565100E6685D /* main.c in Sources */,
			);
			runOnlyForDeploymentPostprocessing = 0;
		};
		A3530D751F17595600E6685D /* Sources */ = {
			isa = PBXSourcesBuildPhase;
			buildActionMask = 2147483647;
			files = (
				A3530D821F175A9800E6685D /* zs.c in Sources */,
				A3530D7C1F17595600E6685D /* main.c in Sources */,
			);
			runOnlyForDeploymentPostprocessing = 0;
		};
		A3530D831F1761DD00E6685D /* Sources */ = {
			isa = PBXSourcesBuildPhase;
			buildActionMask = 2147483647;
			files = (
				A3530D8A1F1761DD00E6685D /* main.c in Sources */,
			);
			runOnlyForDeploymentPostprocessing = 0;
		};
		A3530D8E1F17726900E6685D /* Sources */ = {
			isa = PBXSourcesBuildPhase;
			buildActionMask = 2147483647;
			files = (
				A3530D951F17726900E6685D /* main.c in Sources */,
			);
			runOnlyForDeploymentPostprocessing = 0;
		};
		A3530D991F1776B200E6685D /* Sources */ = {
			isa = PBXSourcesBuildPhase;
			buildActionMask = 2147483647;
			files = (
				A3530DA01F1776B200E6685D /* main.c in Sources */,
			);
			runOnlyForDeploymentPostprocessing = 0;
		};
/* End PBXSourcesBuildPhase section */

/* Begin XCBuildConfiguration section */
		A3530D2B1F16FD6900E6685D /* Debug */ = {
			isa = XCBuildConfiguration;
			buildSettings = {
				ALWAYS_SEARCH_USER_PATHS = NO;
				CLANG_ANALYZER_NONNULL = YES;
				CLANG_ANALYZER_NUMBER_OBJECT_CONVERSION = YES_AGGRESSIVE;
				CLANG_CXX_LANGUAGE_STANDARD = "gnu++0x";
				CLANG_CXX_LIBRARY = "libc++";
				CLANG_ENABLE_MODULES = YES;
				CLANG_ENABLE_OBJC_ARC = YES;
				CLANG_WARN_BOOL_CONVERSION = YES;
				CLANG_WARN_CONSTANT_CONVERSION = YES;
				CLANG_WARN_DIRECT_OBJC_ISA_USAGE = YES_ERROR;
				CLANG_WARN_DOCUMENTATION_COMMENTS = YES;
				CLANG_WARN_EMPTY_BODY = YES;
				CLANG_WARN_ENUM_CONVERSION = YES;
				CLANG_WARN_INFINITE_RECURSION = YES;
				CLANG_WARN_INT_CONVERSION = YES;
				CLANG_WARN_OBJC_ROOT_CLASS = YES_ERROR;
				CLANG_WARN_SUSPICIOUS_MOVE = YES;
				CLANG_WARN_UNREACHABLE_CODE = YES;
				CLANG_WARN__DUPLICATE_METHOD_MATCH = YES;
				CODE_SIGN_IDENTITY = "-";
				COPY_PHASE_STRIP = NO;
				DEBUG_INFORMATION_FORMAT = dwarf;
				ENABLE_STRICT_OBJC_MSGSEND = YES;
				ENABLE_TESTABILITY = YES;
				GCC_C_LANGUAGE_STANDARD = gnu99;
				GCC_DYNAMIC_NO_PIC = NO;
				GCC_NO_COMMON_BLOCKS = YES;
				GCC_OPTIMIZATION_LEVEL = 0;
				GCC_PREPROCESSOR_DEFINITIONS = (
					"DEBUG=1",
					"$(inherited)",
				);
				GCC_WARN_64_TO_32_BIT_CONVERSION = YES;
				GCC_WARN_ABOUT_RETURN_TYPE = YES_ERROR;
				GCC_WARN_UNDECLARED_SELECTOR = YES;
				GCC_WARN_UNINITIALIZED_AUTOS = YES_AGGRESSIVE;
				GCC_WARN_UNUSED_FUNCTION = YES;
				GCC_WARN_UNUSED_VARIABLE = YES;
				MACOSX_DEPLOYMENT_TARGET = 10.12;
				MTL_ENABLE_DEBUG_INFO = YES;
				ONLY_ACTIVE_ARCH = YES;
				SDKROOT = macosx;
			};
			name = Debug;
		};
		A3530D2C1F16FD6900E6685D /* Release */ = {
			isa = XCBuildConfiguration;
			buildSettings = {
				ALWAYS_SEARCH_USER_PATHS = NO;
				CLANG_ANALYZER_NONNULL = YES;
				CLANG_ANALYZER_NUMBER_OBJECT_CONVERSION = YES_AGGRESSIVE;
				CLANG_CXX_LANGUAGE_STANDARD = "gnu++0x";
				CLANG_CXX_LIBRARY = "libc++";
				CLANG_ENABLE_MODULES = YES;
				CLANG_ENABLE_OBJC_ARC = YES;
				CLANG_WARN_BOOL_CONVERSION = YES;
				CLANG_WARN_CONSTANT_CONVERSION = YES;
				CLANG_WARN_DIRECT_OBJC_ISA_USAGE = YES_ERROR;
				CLANG_WARN_DOCUMENTATION_COMMENTS = YES;
				CLANG_WARN_EMPTY_BODY = YES;
				CLANG_WARN_ENUM_CONVERSION = YES;
				CLANG_WARN_INFINITE_RECURSION = YES;
				CLANG_WARN_INT_CONVERSION = YES;
				CLANG_WARN_OBJC_ROOT_CLASS = YES_ERROR;
				CLANG_WARN_SUSPICIOUS_MOVE = YES;
				CLANG_WARN_UNREACHABLE_CODE = YES;
				CLANG_WARN__DUPLICATE_METHOD_MATCH = YES;
				CODE_SIGN_IDENTITY = "-";
				COPY_PHASE_STRIP = NO;
				DEBUG_INFORMATION_FORMAT = "dwarf-with-dsym";
				ENABLE_NS_ASSERTIONS = NO;
				ENABLE_STRICT_OBJC_MSGSEND = YES;
				GCC_C_LANGUAGE_STANDARD = gnu99;
				GCC_NO_COMMON_BLOCKS = YES;
				GCC_WARN_64_TO_32_BIT_CONVERSION = YES;
				GCC_WARN_ABOUT_RETURN_TYPE = YES_ERROR;
				GCC_WARN_UNDECLARED_SELECTOR = YES;
				GCC_WARN_UNINITIALIZED_AUTOS = YES_AGGRESSIVE;
				GCC_WARN_UNUSED_FUNCTION = YES;
				GCC_WARN_UNUSED_VARIABLE = YES;
				MACOSX_DEPLOYMENT_TARGET = 10.12;
				MTL_ENABLE_DEBUG_INFO = NO;
				SDKROOT = macosx;
			};
			name = Release;
		};
		A3530D2E1F16FD6900E6685D /* Debug */ = {
			isa = XCBuildConfiguration;
			buildSettings = {
				PRODUCT_NAME = "$(TARGET_NAME)";
			};
			name = Debug;
		};
		A3530D2F1F16FD6900E6685D /* Release */ = {
			isa = XCBuildConfiguration;
			buildSettings = {
				PRODUCT_NAME = "$(TARGET_NAME)";
			};
			name = Release;
		};
		A3530D391F16FD8700E6685D /* Debug */ = {
			isa = XCBuildConfiguration;
			buildSettings = {
				PRODUCT_NAME = "$(TARGET_NAME)";
			};
			name = Debug;
		};
		A3530D3A1F16FD8700E6685D /* Release */ = {
			isa = XCBuildConfiguration;
			buildSettings = {
				PRODUCT_NAME = "$(TARGET_NAME)";
			};
			name = Release;
		};
		A3530D441F17019000E6685D /* Debug */ = {
			isa = XCBuildConfiguration;
			buildSettings = {
				PRODUCT_NAME = "$(TARGET_NAME)";
			};
			name = Debug;
		};
		A3530D451F17019000E6685D /* Release */ = {
			isa = XCBuildConfiguration;
			buildSettings = {
				PRODUCT_NAME = "$(TARGET_NAME)";
			};
			name = Release;
		};
		A3530D521F17067C00E6685D /* Debug */ = {
			isa = XCBuildConfiguration;
			buildSettings = {
				PRODUCT_NAME = "$(TARGET_NAME)";
			};
			name = Debug;
		};
		A3530D531F17067C00E6685D /* Release */ = {
			isa = XCBuildConfiguration;
			buildSettings = {
				PRODUCT_NAME = "$(TARGET_NAME)";
			};
			name = Release;
		};
		A3530D5D1F1711CE00E6685D /* Debug */ = {
			isa = XCBuildConfiguration;
			buildSettings = {
				PRODUCT_NAME = "$(TARGET_NAME)";
			};
			name = Debug;
		};
		A3530D5E1F1711CE00E6685D /* Release */ = {
			isa = XCBuildConfiguration;
			buildSettings = {
				PRODUCT_NAME = "$(TARGET_NAME)";
			};
			name = Release;
		};
		A3530D681F171AD000E6685D /* Debug */ = {
			isa = XCBuildConfiguration;
			buildSettings = {
				PRODUCT_NAME = "$(TARGET_NAME)";
			};
			name = Debug;
		};
		A3530D691F171AD000E6685D /* Release */ = {
			isa = XCBuildConfiguration;
			buildSettings = {
				PRODUCT_NAME = "$(TARGET_NAME)";
			};
			name = Release;
		};
		A3530D731F17565100E6685D /* Debug */ = {
			isa = XCBuildConfiguration;
			buildSettings = {
				PRODUCT_NAME = "$(TARGET_NAME)";
			};
			name = Debug;
		};
		A3530D741F17565100E6685D /* Release */ = {
			isa = XCBuildConfiguration;
			buildSettings = {
				PRODUCT_NAME = "$(TARGET_NAME)";
			};
			name = Release;
		};
		A3530D7E1F17595600E6685D /* Debug */ = {
			isa = XCBuildConfiguration;
			buildSettings = {
				PRODUCT_NAME = "$(TARGET_NAME)";
			};
			name = Debug;
		};
		A3530D7F1F17595600E6685D /* Release */ = {
			isa = XCBuildConfiguration;
			buildSettings = {
				PRODUCT_NAME = "$(TARGET_NAME)";
			};
			name = Release;
		};
		A3530D8C1F1761DD00E6685D /* Debug */ = {
			isa = XCBuildConfiguration;
			buildSettings = {
				PRODUCT_NAME = "$(TARGET_NAME)";
			};
			name = Debug;
		};
		A3530D8D1F1761DD00E6685D /* Release */ = {
			isa = XCBuildConfiguration;
			buildSettings = {
				PRODUCT_NAME = "$(TARGET_NAME)";
			};
			name = Release;
		};
		A3530D961F17726900E6685D /* Debug */ = {
			isa = XCBuildConfiguration;
			buildSettings = {
				PRODUCT_NAME = "$(TARGET_NAME)";
			};
			name = Debug;
		};
		A3530D971F17726900E6685D /* Release */ = {
			isa = XCBuildConfiguration;
			buildSettings = {
				PRODUCT_NAME = "$(TARGET_NAME)";
			};
			name = Release;
		};
		A3530DA21F1776B200E6685D /* Debug */ = {
			isa = XCBuildConfiguration;
			buildSettings = {
				PRODUCT_NAME = "$(TARGET_NAME)";
			};
			name = Debug;
		};
		A3530DA31F1776B200E6685D /* Release */ = {
			isa = XCBuildConfiguration;
			buildSettings = {
				PRODUCT_NAME = "$(TARGET_NAME)";
			};
			name = Release;
		};
/* End XCBuildConfiguration section */

/* Begin XCConfigurationList section */
		A3530D211F16FD6900E6685D /* Build configuration list for PBXProject "lastDay" */ = {
			isa = XCConfigurationList;
			buildConfigurations = (
				A3530D2B1F16FD6900E6685D /* Debug */,
				A3530D2C1F16FD6900E6685D /* Release */,
			);
			defaultConfigurationIsVisible = 0;
			defaultConfigurationName = Release;
		};
		A3530D2D1F16FD6900E6685D /* Build configuration list for PBXNativeTarget "lastDay" */ = {
			isa = XCConfigurationList;
			buildConfigurations = (
				A3530D2E1F16FD6900E6685D /* Debug */,
				A3530D2F1F16FD6900E6685D /* Release */,
			);
			defaultConfigurationIsVisible = 0;
			defaultConfigurationName = Release;
		};
		A3530D381F16FD8700E6685D /* Build configuration list for PBXNativeTarget "static对局部变量的作用" */ = {
			isa = XCConfigurationList;
			buildConfigurations = (
				A3530D391F16FD8700E6685D /* Debug */,
				A3530D3A1F16FD8700E6685D /* Release */,
			);
			defaultConfigurationIsVisible = 0;
			defaultConfigurationName = Release;
		};
		A3530D431F17019000E6685D /* Build configuration list for PBXNativeTarget "extern和static对函数的作用" */ = {
			isa = XCConfigurationList;
			buildConfigurations = (
				A3530D441F17019000E6685D /* Debug */,
				A3530D451F17019000E6685D /* Release */,
			);
			defaultConfigurationIsVisible = 0;
			defaultConfigurationName = Release;
		};
		A3530D511F17067C00E6685D /* Build configuration list for PBXNativeTarget "宏定义" */ = {
			isa = XCConfigurationList;
			buildConfigurations = (
				A3530D521F17067C00E6685D /* Debug */,
				A3530D531F17067C00E6685D /* Release */,
			);
			defaultConfigurationIsVisible = 0;
			defaultConfigurationName = Release;
		};
		A3530D5C1F1711CE00E6685D /* Build configuration list for PBXNativeTarget "带参宏定义" */ = {
			isa = XCConfigurationList;
			buildConfigurations = (
				A3530D5D1F1711CE00E6685D /* Debug */,
				A3530D5E1F1711CE00E6685D /* Release */,
			);
			defaultConfigurationIsVisible = 0;
			defaultConfigurationName = Release;
		};
		A3530D671F171AD000E6685D /* Build configuration list for PBXNativeTarget "条件编译" */ = {
			isa = XCConfigurationList;
			buildConfigurations = (
				A3530D681F171AD000E6685D /* Debug */,
				A3530D691F171AD000E6685D /* Release */,
			);
			defaultConfigurationIsVisible = 0;
			defaultConfigurationName = Release;
		};
		A3530D721F17565100E6685D /* Build configuration list for PBXNativeTarget "条件编译的其他写法" */ = {
			isa = XCConfigurationList;
			buildConfigurations = (
				A3530D731F17565100E6685D /* Debug */,
				A3530D741F17565100E6685D /* Release */,
			);
			defaultConfigurationIsVisible = 0;
			defaultConfigurationName = Release;
		};
		A3530D7D1F17595600E6685D /* Build configuration list for PBXNativeTarget "文件包含" */ = {
			isa = XCConfigurationList;
			buildConfigurations = (
				A3530D7E1F17595600E6685D /* Debug */,
				A3530D7F1F17595600E6685D /* Release */,
			);
			defaultConfigurationIsVisible = 0;
			defaultConfigurationName = Release;
		};
		A3530D8B1F1761DD00E6685D /* Build configuration list for PBXNativeTarget "typedef" */ = {
			isa = XCConfigurationList;
			buildConfigurations = (
				A3530D8C1F1761DD00E6685D /* Debug */,
				A3530D8D1F1761DD00E6685D /* Release */,
			);
			defaultConfigurationIsVisible = 0;
			defaultConfigurationName = Release;
		};
		A3530D981F17726900E6685D /* Build configuration list for PBXNativeTarget "typedef和宏定义的区别" */ = {
			isa = XCConfigurationList;
			buildConfigurations = (
				A3530D961F17726900E6685D /* Debug */,
				A3530D971F17726900E6685D /* Release */,
			);
			defaultConfigurationIsVisible = 0;
		};
		A3530DA11F1776B200E6685D /* Build configuration list for PBXNativeTarget "const" */ = {
			isa = XCConfigurationList;
			buildConfigurations = (
				A3530DA21F1776B200E6685D /* Debug */,
				A3530DA31F1776B200E6685D /* Release */,
			);
			defaultConfigurationIsVisible = 0;
		};
/* End XCConfigurationList section */
	};
	rootObject = A3530D1E1F16FD6900E6685D /* Project object */;
}
