// !$*UTF8*$!
{
	archiveVersion = 1;
	classes = {
	};
	objectVersion = 46;
	objects = {

/* Begin PBXBuildFile section */
		A351E6051F14A51A00D4EA6D /* main.c in Sources */ = {isa = PBXBuildFile; fileRef = A351E6041F14A51A00D4EA6D /* main.c */; };
		A351E6121F14AD5D00D4EA6D /* main.c in Sources */ = {isa = PBXBuildFile; fileRef = A351E6111F14AD5D00D4EA6D /* main.c */; };
		A351E61D1F14BD8600D4EA6D /* main.c in Sources */ = {isa = PBXBuildFile; fileRef = A351E61C1F14BD8600D4EA6D /* main.c */; };
		A351E6281F14C13800D4EA6D /* main.c in Sources */ = {isa = PBXBuildFile; fileRef = A351E6271F14C13800D4EA6D /* main.c */; };
		A390BB341F15AA8F008F505C /* main.c in Sources */ = {isa = PBXBuildFile; fileRef = A390BB331F15AA8F008F505C /* main.c */; };
		A390BB3F1F15AF28008F505C /* main.c in Sources */ = {isa = PBXBuildFile; fileRef = A390BB3E1F15AF28008F505C /* main.c */; };
		A390BB4A1F15B351008F505C /* main.c in Sources */ = {isa = PBXBuildFile; fileRef = A390BB491F15B351008F505C /* main.c */; };
		A390BB551F15B7E0008F505C /* main.c in Sources */ = {isa = PBXBuildFile; fileRef = A390BB541F15B7E0008F505C /* main.c */; };
		A390BB601F15BFBE008F505C /* main.c in Sources */ = {isa = PBXBuildFile; fileRef = A390BB5F1F15BFBE008F505C /* main.c */; };
		A390BB6B1F15C9F2008F505C /* main.c in Sources */ = {isa = PBXBuildFile; fileRef = A390BB6A1F15C9F2008F505C /* main.c */; };
/* End PBXBuildFile section */

/* Begin PBXCopyFilesBuildPhase section */
		A351E5FF1F14A51A00D4EA6D /* CopyFiles */ = {
			isa = PBXCopyFilesBuildPhase;
			buildActionMask = 2147483647;
			dstPath = /usr/share/man/man1/;
			dstSubfolderSpec = 0;
			files = (
			);
			runOnlyForDeploymentPostprocessing = 1;
		};
		A351E60D1F14AD5D00D4EA6D /* CopyFiles */ = {
			isa = PBXCopyFilesBuildPhase;
			buildActionMask = 2147483647;
			dstPath = /usr/share/man/man1/;
			dstSubfolderSpec = 0;
			files = (
			);
			runOnlyForDeploymentPostprocessing = 1;
		};
		A351E6181F14BD8600D4EA6D /* CopyFiles */ = {
			isa = PBXCopyFilesBuildPhase;
			buildActionMask = 2147483647;
			dstPath = /usr/share/man/man1/;
			dstSubfolderSpec = 0;
			files = (
			);
			runOnlyForDeploymentPostprocessing = 1;
		};
		A351E6231F14C13800D4EA6D /* CopyFiles */ = {
			isa = PBXCopyFilesBuildPhase;
			buildActionMask = 2147483647;
			dstPath = /usr/share/man/man1/;
			dstSubfolderSpec = 0;
			files = (
			);
			runOnlyForDeploymentPostprocessing = 1;
		};
		A390BB2F1F15AA8F008F505C /* CopyFiles */ = {
			isa = PBXCopyFilesBuildPhase;
			buildActionMask = 2147483647;
			dstPath = /usr/share/man/man1/;
			dstSubfolderSpec = 0;
			files = (
			);
			runOnlyForDeploymentPostprocessing = 1;
		};
		A390BB3A1F15AF28008F505C /* CopyFiles */ = {
			isa = PBXCopyFilesBuildPhase;
			buildActionMask = 2147483647;
			dstPath = /usr/share/man/man1/;
			dstSubfolderSpec = 0;
			files = (
			);
			runOnlyForDeploymentPostprocessing = 1;
		};
		A390BB451F15B351008F505C /* CopyFiles */ = {
			isa = PBXCopyFilesBuildPhase;
			buildActionMask = 2147483647;
			dstPath = /usr/share/man/man1/;
			dstSubfolderSpec = 0;
			files = (
			);
			runOnlyForDeploymentPostprocessing = 1;
		};
		A390BB501F15B7E0008F505C /* CopyFiles */ = {
			isa = PBXCopyFilesBuildPhase;
			buildActionMask = 2147483647;
			dstPath = /usr/share/man/man1/;
			dstSubfolderSpec = 0;
			files = (
			);
			runOnlyForDeploymentPostprocessing = 1;
		};
		A390BB5B1F15BFBE008F505C /* CopyFiles */ = {
			isa = PBXCopyFilesBuildPhase;
			buildActionMask = 2147483647;
			dstPath = /usr/share/man/man1/;
			dstSubfolderSpec = 0;
			files = (
			);
			runOnlyForDeploymentPostprocessing = 1;
		};
		A390BB661F15C9F2008F505C /* CopyFiles */ = {
			isa = PBXCopyFilesBuildPhase;
			buildActionMask = 2147483647;
			dstPath = /usr/share/man/man1/;
			dstSubfolderSpec = 0;
			files = (
			);
			runOnlyForDeploymentPostprocessing = 1;
		};
/* End PBXCopyFilesBuildPhase section */

/* Begin PBXFileReference section */
		A351E6011F14A51A00D4EA6D /* 结构体 */ = {isa = PBXFileReference; explicitFileType = "compiled.mach-o.executable"; includeInIndex = 0; path = "结构体"; sourceTree = BUILT_PRODUCTS_DIR; };
		A351E6041F14A51A00D4EA6D /* main.c */ = {isa = PBXFileReference; lastKnownFileType = sourcecode.c.c; path = main.c; sourceTree = "<group>"; };
		A351E60F1F14AD5D00D4EA6D /* 结构体初始化 */ = {isa = PBXFileReference; explicitFileType = "compiled.mach-o.executable"; includeInIndex = 0; path = "结构体初始化"; sourceTree = BUILT_PRODUCTS_DIR; };
		A351E6111F14AD5D00D4EA6D /* main.c */ = {isa = PBXFileReference; lastKnownFileType = sourcecode.c.c; path = main.c; sourceTree = "<group>"; };
		A351E61A1F14BD8600D4EA6D /* 结构体定义的多种方式 */ = {isa = PBXFileReference; explicitFileType = "compiled.mach-o.executable"; includeInIndex = 0; path = "结构体定义的多种方式"; sourceTree = BUILT_PRODUCTS_DIR; };
		A351E61C1F14BD8600D4EA6D /* main.c */ = {isa = PBXFileReference; lastKnownFileType = sourcecode.c.c; path = main.c; sourceTree = "<group>"; };
		A351E6251F14C13800D4EA6D /* 结构体类型的作用域 */ = {isa = PBXFileReference; explicitFileType = "compiled.mach-o.executable"; includeInIndex = 0; path = "结构体类型的作用域"; sourceTree = BUILT_PRODUCTS_DIR; };
		A351E6271F14C13800D4EA6D /* main.c */ = {isa = PBXFileReference; lastKnownFileType = sourcecode.c.c; path = main.c; sourceTree = "<group>"; };
		A390BB311F15AA8F008F505C /* 结构体存储细节 */ = {isa = PBXFileReference; explicitFileType = "compiled.mach-o.executable"; includeInIndex = 0; path = "结构体存储细节"; sourceTree = BUILT_PRODUCTS_DIR; };
		A390BB331F15AA8F008F505C /* main.c */ = {isa = PBXFileReference; lastKnownFileType = sourcecode.c.c; path = main.c; sourceTree = "<group>"; };
		A390BB3C1F15AF28008F505C /* 结构体数组 */ = {isa = PBXFileReference; explicitFileType = "compiled.mach-o.executable"; includeInIndex = 0; path = "结构体数组"; sourceTree = BUILT_PRODUCTS_DIR; };
		A390BB3E1F15AF28008F505C /* main.c */ = {isa = PBXFileReference; lastKnownFileType = sourcecode.c.c; path = main.c; sourceTree = "<group>"; };
		A390BB471F15B351008F505C /* 结构体指针 */ = {isa = PBXFileReference; explicitFileType = "compiled.mach-o.executable"; includeInIndex = 0; path = "结构体指针"; sourceTree = BUILT_PRODUCTS_DIR; };
		A390BB491F15B351008F505C /* main.c */ = {isa = PBXFileReference; lastKnownFileType = sourcecode.c.c; path = main.c; sourceTree = "<group>"; };
		A390BB521F15B7E0008F505C /* 结构体嵌套 */ = {isa = PBXFileReference; explicitFileType = "compiled.mach-o.executable"; includeInIndex = 0; path = "结构体嵌套"; sourceTree = BUILT_PRODUCTS_DIR; };
		A390BB541F15B7E0008F505C /* main.c */ = {isa = PBXFileReference; lastKnownFileType = sourcecode.c.c; path = main.c; sourceTree = "<group>"; };
		A390BB5D1F15BFBE008F505C /* 结构体与函数 */ = {isa = PBXFileReference; explicitFileType = "compiled.mach-o.executable"; includeInIndex = 0; path = "结构体与函数"; sourceTree = BUILT_PRODUCTS_DIR; };
		A390BB5F1F15BFBE008F505C /* main.c */ = {isa = PBXFileReference; lastKnownFileType = sourcecode.c.c; path = main.c; sourceTree = "<group>"; };
		A390BB681F15C9F2008F505C /* 枚举 */ = {isa = PBXFileReference; explicitFileType = "compiled.mach-o.executable"; includeInIndex = 0; path = "枚举"; sourceTree = BUILT_PRODUCTS_DIR; };
		A390BB6A1F15C9F2008F505C /* main.c */ = {isa = PBXFileReference; lastKnownFileType = sourcecode.c.c; path = main.c; sourceTree = "<group>"; };
/* End PBXFileReference section */

/* Begin PBXFrameworksBuildPhase section */
		A351E5FE1F14A51A00D4EA6D /* Frameworks */ = {
			isa = PBXFrameworksBuildPhase;
			buildActionMask = 2147483647;
			files = (
			);
			runOnlyForDeploymentPostprocessing = 0;
		};
		A351E60C1F14AD5D00D4EA6D /* Frameworks */ = {
			isa = PBXFrameworksBuildPhase;
			buildActionMask = 2147483647;
			files = (
			);
			runOnlyForDeploymentPostprocessing = 0;
		};
		A351E6171F14BD8600D4EA6D /* Frameworks */ = {
			isa = PBXFrameworksBuildPhase;
			buildActionMask = 2147483647;
			files = (
			);
			runOnlyForDeploymentPostprocessing = 0;
		};
		A351E6221F14C13800D4EA6D /* Frameworks */ = {
			isa = PBXFrameworksBuildPhase;
			buildActionMask = 2147483647;
			files = (
			);
			runOnlyForDeploymentPostprocessing = 0;
		};
		A390BB2E1F15AA8F008F505C /* Frameworks */ = {
			isa = PBXFrameworksBuildPhase;
			buildActionMask = 2147483647;
			files = (
			);
			runOnlyForDeploymentPostprocessing = 0;
		};
		A390BB391F15AF28008F505C /* Frameworks */ = {
			isa = PBXFrameworksBuildPhase;
			buildActionMask = 2147483647;
			files = (
			);
			runOnlyForDeploymentPostprocessing = 0;
		};
		A390BB441F15B351008F505C /* Frameworks */ = {
			isa = PBXFrameworksBuildPhase;
			buildActionMask = 2147483647;
			files = (
			);
			runOnlyForDeploymentPostprocessing = 0;
		};
		A390BB4F1F15B7E0008F505C /* Frameworks */ = {
			isa = PBXFrameworksBuildPhase;
			buildActionMask = 2147483647;
			files = (
			);
			runOnlyForDeploymentPostprocessing = 0;
		};
		A390BB5A1F15BFBE008F505C /* Frameworks */ = {
			isa = PBXFrameworksBuildPhase;
			buildActionMask = 2147483647;
			files = (
			);
			runOnlyForDeploymentPostprocessing = 0;
		};
		A390BB651F15C9F2008F505C /* Frameworks */ = {
			isa = PBXFrameworksBuildPhase;
			buildActionMask = 2147483647;
			files = (
			);
			runOnlyForDeploymentPostprocessing = 0;
		};
/* End PBXFrameworksBuildPhase section */

/* Begin PBXGroup section */
		A351E5F81F14A51A00D4EA6D = {
			isa = PBXGroup;
			children = (
				A351E6031F14A51A00D4EA6D /* 结构体 */,
				A351E6101F14AD5D00D4EA6D /* 结构体初始化 */,
				A351E61B1F14BD8600D4EA6D /* 结构体定义的多种方式 */,
				A351E6261F14C13800D4EA6D /* 结构体类型的作用域 */,
				A390BB321F15AA8F008F505C /* 结构体存储细节 */,
				A390BB3D1F15AF28008F505C /* 结构体数组 */,
				A390BB481F15B351008F505C /* 结构体指针 */,
				A390BB531F15B7E0008F505C /* 结构体嵌套 */,
				A390BB5E1F15BFBE008F505C /* 结构体与函数 */,
				A390BB691F15C9F2008F505C /* 枚举 */,
				A351E6021F14A51A00D4EA6D /* Products */,
			);
			sourceTree = "<group>";
		};
		A351E6021F14A51A00D4EA6D /* Products */ = {
			isa = PBXGroup;
			children = (
				A351E6011F14A51A00D4EA6D /* 结构体 */,
				A351E60F1F14AD5D00D4EA6D /* 结构体初始化 */,
				A351E61A1F14BD8600D4EA6D /* 结构体定义的多种方式 */,
				A351E6251F14C13800D4EA6D /* 结构体类型的作用域 */,
				A390BB311F15AA8F008F505C /* 结构体存储细节 */,
				A390BB3C1F15AF28008F505C /* 结构体数组 */,
				A390BB471F15B351008F505C /* 结构体指针 */,
				A390BB521F15B7E0008F505C /* 结构体嵌套 */,
				A390BB5D1F15BFBE008F505C /* 结构体与函数 */,
				A390BB681F15C9F2008F505C /* 枚举 */,
			);
			name = Products;
			sourceTree = "<group>";
		};
		A351E6031F14A51A00D4EA6D /* 结构体 */ = {
			isa = PBXGroup;
			children = (
				A351E6041F14A51A00D4EA6D /* main.c */,
			);
			path = "结构体";
			sourceTree = "<group>";
		};
		A351E6101F14AD5D00D4EA6D /* 结构体初始化 */ = {
			isa = PBXGroup;
			children = (
				A351E6111F14AD5D00D4EA6D /* main.c */,
			);
			path = "结构体初始化";
			sourceTree = "<group>";
		};
		A351E61B1F14BD8600D4EA6D /* 结构体定义的多种方式 */ = {
			isa = PBXGroup;
			children = (
				A351E61C1F14BD8600D4EA6D /* main.c */,
			);
			path = "结构体定义的多种方式";
			sourceTree = "<group>";
		};
		A351E6261F14C13800D4EA6D /* 结构体类型的作用域 */ = {
			isa = PBXGroup;
			children = (
				A351E6271F14C13800D4EA6D /* main.c */,
			);
			path = "结构体类型的作用域";
			sourceTree = "<group>";
		};
		A390BB321F15AA8F008F505C /* 结构体存储细节 */ = {
			isa = PBXGroup;
			children = (
				A390BB331F15AA8F008F505C /* main.c */,
			);
			path = "结构体存储细节";
			sourceTree = "<group>";
		};
		A390BB3D1F15AF28008F505C /* 结构体数组 */ = {
			isa = PBXGroup;
			children = (
				A390BB3E1F15AF28008F505C /* main.c */,
			);
			path = "结构体数组";
			sourceTree = "<group>";
		};
		A390BB481F15B351008F505C /* 结构体指针 */ = {
			isa = PBXGroup;
			children = (
				A390BB491F15B351008F505C /* main.c */,
			);
			path = "结构体指针";
			sourceTree = "<group>";
		};
		A390BB531F15B7E0008F505C /* 结构体嵌套 */ = {
			isa = PBXGroup;
			children = (
				A390BB541F15B7E0008F505C /* main.c */,
			);
			path = "结构体嵌套";
			sourceTree = "<group>";
		};
		A390BB5E1F15BFBE008F505C /* 结构体与函数 */ = {
			isa = PBXGroup;
			children = (
				A390BB5F1F15BFBE008F505C /* main.c */,
			);
			path = "结构体与函数";
			sourceTree = "<group>";
		};
		A390BB691F15C9F2008F505C /* 枚举 */ = {
			isa = PBXGroup;
			children = (
				A390BB6A1F15C9F2008F505C /* main.c */,
			);
			path = "枚举";
			sourceTree = "<group>";
		};
/* End PBXGroup section */

/* Begin PBXNativeTarget section */
		A351E6001F14A51A00D4EA6D /* 结构体 */ = {
			isa = PBXNativeTarget;
			buildConfigurationList = A351E6081F14A51A00D4EA6D /* Build configuration list for PBXNativeTarget "结构体" */;
			buildPhases = (
				A351E5FD1F14A51A00D4EA6D /* Sources */,
				A351E5FE1F14A51A00D4EA6D /* Frameworks */,
				A351E5FF1F14A51A00D4EA6D /* CopyFiles */,
			);
			buildRules = (
			);
			dependencies = (
			);
			name = "结构体";
			productName = "结构体";
			productReference = A351E6011F14A51A00D4EA6D /* 结构体 */;
			productType = "com.apple.product-type.tool";
		};
		A351E60E1F14AD5D00D4EA6D /* 结构体初始化 */ = {
			isa = PBXNativeTarget;
			buildConfigurationList = A351E6131F14AD5D00D4EA6D /* Build configuration list for PBXNativeTarget "结构体初始化" */;
			buildPhases = (
				A351E60B1F14AD5D00D4EA6D /* Sources */,
				A351E60C1F14AD5D00D4EA6D /* Frameworks */,
				A351E60D1F14AD5D00D4EA6D /* CopyFiles */,
			);
			buildRules = (
			);
			dependencies = (
			);
			name = "结构体初始化";
			productName = "结构体初始化";
			productReference = A351E60F1F14AD5D00D4EA6D /* 结构体初始化 */;
			productType = "com.apple.product-type.tool";
		};
		A351E6191F14BD8600D4EA6D /* 结构体定义的多种方式 */ = {
			isa = PBXNativeTarget;
			buildConfigurationList = A351E61E1F14BD8600D4EA6D /* Build configuration list for PBXNativeTarget "结构体定义的多种方式" */;
			buildPhases = (
				A351E6161F14BD8600D4EA6D /* Sources */,
				A351E6171F14BD8600D4EA6D /* Frameworks */,
				A351E6181F14BD8600D4EA6D /* CopyFiles */,
			);
			buildRules = (
			);
			dependencies = (
			);
			name = "结构体定义的多种方式";
			productName = "结构体定义的多种方式";
			productReference = A351E61A1F14BD8600D4EA6D /* 结构体定义的多种方式 */;
			productType = "com.apple.product-type.tool";
		};
		A351E6241F14C13800D4EA6D /* 结构体类型的作用域 */ = {
			isa = PBXNativeTarget;
			buildConfigurationList = A351E6291F14C13800D4EA6D /* Build configuration list for PBXNativeTarget "结构体类型的作用域" */;
			buildPhases = (
				A351E6211F14C13800D4EA6D /* Sources */,
				A351E6221F14C13800D4EA6D /* Frameworks */,
				A351E6231F14C13800D4EA6D /* CopyFiles */,
			);
			buildRules = (
			);
			dependencies = (
			);
			name = "结构体类型的作用域";
			productName = "结构体类型的作用域";
			productReference = A351E6251F14C13800D4EA6D /* 结构体类型的作用域 */;
			productType = "com.apple.product-type.tool";
		};
		A390BB301F15AA8F008F505C /* 结构体存储细节 */ = {
			isa = PBXNativeTarget;
			buildConfigurationList = A390BB371F15AA8F008F505C /* Build configuration list for PBXNativeTarget "结构体存储细节" */;
			buildPhases = (
				A390BB2D1F15AA8F008F505C /* Sources */,
				A390BB2E1F15AA8F008F505C /* Frameworks */,
				A390BB2F1F15AA8F008F505C /* CopyFiles */,
			);
			buildRules = (
			);
			dependencies = (
			);
			name = "结构体存储细节";
			productName = "结构体存储细节";
			productReference = A390BB311F15AA8F008F505C /* 结构体存储细节 */;
			productType = "com.apple.product-type.tool";
		};
		A390BB3B1F15AF28008F505C /* 结构体数组 */ = {
			isa = PBXNativeTarget;
			buildConfigurationList = A390BB401F15AF28008F505C /* Build configuration list for PBXNativeTarget "结构体数组" */;
			buildPhases = (
				A390BB381F15AF28008F505C /* Sources */,
				A390BB391F15AF28008F505C /* Frameworks */,
				A390BB3A1F15AF28008F505C /* CopyFiles */,
			);
			buildRules = (
			);
			dependencies = (
			);
			name = "结构体数组";
			productName = "结构体数组";
			productReference = A390BB3C1F15AF28008F505C /* 结构体数组 */;
			productType = "com.apple.product-type.tool";
		};
		A390BB461F15B351008F505C /* 结构体指针 */ = {
			isa = PBXNativeTarget;
			buildConfigurationList = A390BB4B1F15B351008F505C /* Build configuration list for PBXNativeTarget "结构体指针" */;
			buildPhases = (
				A390BB431F15B351008F505C /* Sources */,
				A390BB441F15B351008F505C /* Frameworks */,
				A390BB451F15B351008F505C /* CopyFiles */,
			);
			buildRules = (
			);
			dependencies = (
			);
			name = "结构体指针";
			productName = "结构体指针";
			productReference = A390BB471F15B351008F505C /* 结构体指针 */;
			productType = "com.apple.product-type.tool";
		};
		A390BB511F15B7E0008F505C /* 结构体嵌套 */ = {
			isa = PBXNativeTarget;
			buildConfigurationList = A390BB561F15B7E0008F505C /* Build configuration list for PBXNativeTarget "结构体嵌套" */;
			buildPhases = (
				A390BB4E1F15B7E0008F505C /* Sources */,
				A390BB4F1F15B7E0008F505C /* Frameworks */,
				A390BB501F15B7E0008F505C /* CopyFiles */,
			);
			buildRules = (
			);
			dependencies = (
			);
			name = "结构体嵌套";
			productName = "结构体嵌套";
			productReference = A390BB521F15B7E0008F505C /* 结构体嵌套 */;
			productType = "com.apple.product-type.tool";
		};
		A390BB5C1F15BFBE008F505C /* 结构体与函数 */ = {
			isa = PBXNativeTarget;
			buildConfigurationList = A390BB611F15BFBE008F505C /* Build configuration list for PBXNativeTarget "结构体与函数" */;
			buildPhases = (
				A390BB591F15BFBE008F505C /* Sources */,
				A390BB5A1F15BFBE008F505C /* Frameworks */,
				A390BB5B1F15BFBE008F505C /* CopyFiles */,
			);
			buildRules = (
			);
			dependencies = (
			);
			name = "结构体与函数";
			productName = "结构体与函数";
			productReference = A390BB5D1F15BFBE008F505C /* 结构体与函数 */;
			productType = "com.apple.product-type.tool";
		};
		A390BB671F15C9F2008F505C /* 枚举 */ = {
			isa = PBXNativeTarget;
			buildConfigurationList = A390BB6C1F15C9F2008F505C /* Build configuration list for PBXNativeTarget "枚举" */;
			buildPhases = (
				A390BB641F15C9F2008F505C /* Sources */,
				A390BB651F15C9F2008F505C /* Frameworks */,
				A390BB661F15C9F2008F505C /* CopyFiles */,
			);
			buildRules = (
			);
			dependencies = (
			);
			name = "枚举";
			productName = "枚举";
			productReference = A390BB681F15C9F2008F505C /* 枚举 */;
			productType = "com.apple.product-type.tool";
		};
/* End PBXNativeTarget section */

/* Begin PBXProject section */
		A351E5F91F14A51A00D4EA6D /* Project object */ = {
			isa = PBXProject;
			attributes = {
				LastUpgradeCheck = 0830;
				ORGANIZATIONNAME = sunny;
				TargetAttributes = {
					A351E6001F14A51A00D4EA6D = {
						CreatedOnToolsVersion = 8.3.3;
						ProvisioningStyle = Automatic;
					};
					A351E60E1F14AD5D00D4EA6D = {
						CreatedOnToolsVersion = 8.3.3;
						ProvisioningStyle = Automatic;
					};
					A351E6191F14BD8600D4EA6D = {
						CreatedOnToolsVersion = 8.3.3;
						ProvisioningStyle = Automatic;
					};
					A351E6241F14C13800D4EA6D = {
						CreatedOnToolsVersion = 8.3.3;
						ProvisioningStyle = Automatic;
					};
					A390BB301F15AA8F008F505C = {
						CreatedOnToolsVersion = 8.3.3;
						ProvisioningStyle = Automatic;
					};
					A390BB3B1F15AF28008F505C = {
						CreatedOnToolsVersion = 8.3.3;
						ProvisioningStyle = Automatic;
					};
					A390BB461F15B351008F505C = {
						CreatedOnToolsVersion = 8.3.3;
						ProvisioningStyle = Automatic;
					};
					A390BB511F15B7E0008F505C = {
						CreatedOnToolsVersion = 8.3.3;
						ProvisioningStyle = Automatic;
					};
					A390BB5C1F15BFBE008F505C = {
						CreatedOnToolsVersion = 8.3.3;
						ProvisioningStyle = Automatic;
					};
					A390BB671F15C9F2008F505C = {
						CreatedOnToolsVersion = 8.3.3;
						ProvisioningStyle = Automatic;
					};
				};
			};
			buildConfigurationList = A351E5FC1F14A51A00D4EA6D /* Build configuration list for PBXProject "结构体" */;
			compatibilityVersion = "Xcode 3.2";
			developmentRegion = English;
			hasScannedForEncodings = 0;
			knownRegions = (
				en,
			);
			mainGroup = A351E5F81F14A51A00D4EA6D;
			productRefGroup = A351E6021F14A51A00D4EA6D /* Products */;
			projectDirPath = "";
			projectRoot = "";
			targets = (
				A351E6001F14A51A00D4EA6D /* 结构体 */,
				A351E60E1F14AD5D00D4EA6D /* 结构体初始化 */,
				A351E6191F14BD8600D4EA6D /* 结构体定义的多种方式 */,
				A351E6241F14C13800D4EA6D /* 结构体类型的作用域 */,
				A390BB301F15AA8F008F505C /* 结构体存储细节 */,
				A390BB3B1F15AF28008F505C /* 结构体数组 */,
				A390BB461F15B351008F505C /* 结构体指针 */,
				A390BB511F15B7E0008F505C /* 结构体嵌套 */,
				A390BB5C1F15BFBE008F505C /* 结构体与函数 */,
				A390BB671F15C9F2008F505C /* 枚举 */,
			);
		};
/* End PBXProject section */

/* Begin PBXSourcesBuildPhase section */
		A351E5FD1F14A51A00D4EA6D /* Sources */ = {
			isa = PBXSourcesBuildPhase;
			buildActionMask = 2147483647;
			files = (
				A351E6051F14A51A00D4EA6D /* main.c in Sources */,
			);
			runOnlyForDeploymentPostprocessing = 0;
		};
		A351E60B1F14AD5D00D4EA6D /* Sources */ = {
			isa = PBXSourcesBuildPhase;
			buildActionMask = 2147483647;
			files = (
				A351E6121F14AD5D00D4EA6D /* main.c in Sources */,
			);
			runOnlyForDeploymentPostprocessing = 0;
		};
		A351E6161F14BD8600D4EA6D /* Sources */ = {
			isa = PBXSourcesBuildPhase;
			buildActionMask = 2147483647;
			files = (
				A351E61D1F14BD8600D4EA6D /* main.c in Sources */,
			);
			runOnlyForDeploymentPostprocessing = 0;
		};
		A351E6211F14C13800D4EA6D /* Sources */ = {
			isa = PBXSourcesBuildPhase;
			buildActionMask = 2147483647;
			files = (
				A351E6281F14C13800D4EA6D /* main.c in Sources */,
			);
			runOnlyForDeploymentPostprocessing = 0;
		};
		A390BB2D1F15AA8F008F505C /* Sources */ = {
			isa = PBXSourcesBuildPhase;
			buildActionMask = 2147483647;
			files = (
				A390BB341F15AA8F008F505C /* main.c in Sources */,
			);
			runOnlyForDeploymentPostprocessing = 0;
		};
		A390BB381F15AF28008F505C /* Sources */ = {
			isa = PBXSourcesBuildPhase;
			buildActionMask = 2147483647;
			files = (
				A390BB3F1F15AF28008F505C /* main.c in Sources */,
			);
			runOnlyForDeploymentPostprocessing = 0;
		};
		A390BB431F15B351008F505C /* Sources */ = {
			isa = PBXSourcesBuildPhase;
			buildActionMask = 2147483647;
			files = (
				A390BB4A1F15B351008F505C /* main.c in Sources */,
			);
			runOnlyForDeploymentPostprocessing = 0;
		};
		A390BB4E1F15B7E0008F505C /* Sources */ = {
			isa = PBXSourcesBuildPhase;
			buildActionMask = 2147483647;
			files = (
				A390BB551F15B7E0008F505C /* main.c in Sources */,
			);
			runOnlyForDeploymentPostprocessing = 0;
		};
		A390BB591F15BFBE008F505C /* Sources */ = {
			isa = PBXSourcesBuildPhase;
			buildActionMask = 2147483647;
			files = (
				A390BB601F15BFBE008F505C /* main.c in Sources */,
			);
			runOnlyForDeploymentPostprocessing = 0;
		};
		A390BB641F15C9F2008F505C /* Sources */ = {
			isa = PBXSourcesBuildPhase;
			buildActionMask = 2147483647;
			files = (
				A390BB6B1F15C9F2008F505C /* main.c in Sources */,
			);
			runOnlyForDeploymentPostprocessing = 0;
		};
/* End PBXSourcesBuildPhase section */

/* Begin XCBuildConfiguration section */
		A351E6061F14A51A00D4EA6D /* Debug */ = {
			isa = XCBuildConfiguration;
			buildSettings = {
				ALWAYS_SEARCH_USER_PATHS = NO;
				CLANG_ANALYZER_NONNULL = YES;
				CLANG_ANALYZER_NUMBER_OBJECT_CONVERSION = YES_AGGRESSIVE;
				CLANG_CXX_LANGUAGE_STANDARD = "gnu++0x";
				CLANG_CXX_LIBRARY = "libc++";
				CLANG_ENABLE_MODULES = YES;
				CLANG_ENABLE_OBJC_ARC = YES;
				CLANG_WARN_BOOL_CONVERSION = YES;
				CLANG_WARN_CONSTANT_CONVERSION = YES;
				CLANG_WARN_DIRECT_OBJC_ISA_USAGE = YES_ERROR;
				CLANG_WARN_DOCUMENTATION_COMMENTS = YES;
				CLANG_WARN_EMPTY_BODY = YES;
				CLANG_WARN_ENUM_CONVERSION = YES;
				CLANG_WARN_INFINITE_RECURSION = YES;
				CLANG_WARN_INT_CONVERSION = YES;
				CLANG_WARN_OBJC_ROOT_CLASS = YES_ERROR;
				CLANG_WARN_SUSPICIOUS_MOVE = YES;
				CLANG_WARN_UNREACHABLE_CODE = YES;
				CLANG_WARN__DUPLICATE_METHOD_MATCH = YES;
				CODE_SIGN_IDENTITY = "-";
				COPY_PHASE_STRIP = NO;
				DEBUG_INFORMATION_FORMAT = dwarf;
				ENABLE_STRICT_OBJC_MSGSEND = YES;
				ENABLE_TESTABILITY = YES;
				GCC_C_LANGUAGE_STANDARD = gnu99;
				GCC_DYNAMIC_NO_PIC = NO;
				GCC_NO_COMMON_BLOCKS = YES;
				GCC_OPTIMIZATION_LEVEL = 0;
				GCC_PREPROCESSOR_DEFINITIONS = (
					"DEBUG=1",
					"$(inherited)",
				);
				GCC_WARN_64_TO_32_BIT_CONVERSION = YES;
				GCC_WARN_ABOUT_RETURN_TYPE = YES_ERROR;
				GCC_WARN_UNDECLARED_SELECTOR = YES;
				GCC_WARN_UNINITIALIZED_AUTOS = YES_AGGRESSIVE;
				GCC_WARN_UNUSED_FUNCTION = YES;
				GCC_WARN_UNUSED_VARIABLE = YES;
				MACOSX_DEPLOYMENT_TARGET = 10.12;
				MTL_ENABLE_DEBUG_INFO = YES;
				ONLY_ACTIVE_ARCH = YES;
				SDKROOT = macosx;
			};
			name = Debug;
		};
		A351E6071F14A51A00D4EA6D /* Release */ = {
			isa = XCBuildConfiguration;
			buildSettings = {
				ALWAYS_SEARCH_USER_PATHS = NO;
				CLANG_ANALYZER_NONNULL = YES;
				CLANG_ANALYZER_NUMBER_OBJECT_CONVERSION = YES_AGGRESSIVE;
				CLANG_CXX_LANGUAGE_STANDARD = "gnu++0x";
				CLANG_CXX_LIBRARY = "libc++";
				CLANG_ENABLE_MODULES = YES;
				CLANG_ENABLE_OBJC_ARC = YES;
				CLANG_WARN_BOOL_CONVERSION = YES;
				CLANG_WARN_CONSTANT_CONVERSION = YES;
				CLANG_WARN_DIRECT_OBJC_ISA_USAGE = YES_ERROR;
				CLANG_WARN_DOCUMENTATION_COMMENTS = YES;
				CLANG_WARN_EMPTY_BODY = YES;
				CLANG_WARN_ENUM_CONVERSION = YES;
				CLANG_WARN_INFINITE_RECURSION = YES;
				CLANG_WARN_INT_CONVERSION = YES;
				CLANG_WARN_OBJC_ROOT_CLASS = YES_ERROR;
				CLANG_WARN_SUSPICIOUS_MOVE = YES;
				CLANG_WARN_UNREACHABLE_CODE = YES;
				CLANG_WARN__DUPLICATE_METHOD_MATCH = YES;
				CODE_SIGN_IDENTITY = "-";
				COPY_PHASE_STRIP = NO;
				DEBUG_INFORMATION_FORMAT = "dwarf-with-dsym";
				ENABLE_NS_ASSERTIONS = NO;
				ENABLE_STRICT_OBJC_MSGSEND = YES;
				GCC_C_LANGUAGE_STANDARD = gnu99;
				GCC_NO_COMMON_BLOCKS = YES;
				GCC_WARN_64_TO_32_BIT_CONVERSION = YES;
				GCC_WARN_ABOUT_RETURN_TYPE = YES_ERROR;
				GCC_WARN_UNDECLARED_SELECTOR = YES;
				GCC_WARN_UNINITIALIZED_AUTOS = YES_AGGRESSIVE;
				GCC_WARN_UNUSED_FUNCTION = YES;
				GCC_WARN_UNUSED_VARIABLE = YES;
				MACOSX_DEPLOYMENT_TARGET = 10.12;
				MTL_ENABLE_DEBUG_INFO = NO;
				SDKROOT = macosx;
			};
			name = Release;
		};
		A351E6091F14A51A00D4EA6D /* Debug */ = {
			isa = XCBuildConfiguration;
			buildSettings = {
				PRODUCT_NAME = "$(TARGET_NAME)";
			};
			name = Debug;
		};
		A351E60A1F14A51A00D4EA6D /* Release */ = {
			isa = XCBuildConfiguration;
			buildSettings = {
				PRODUCT_NAME = "$(TARGET_NAME)";
			};
			name = Release;
		};
		A351E6141F14AD5D00D4EA6D /* Debug */ = {
			isa = XCBuildConfiguration;
			buildSettings = {
				PRODUCT_NAME = "$(TARGET_NAME)";
			};
			name = Debug;
		};
		A351E6151F14AD5D00D4EA6D /* Release */ = {
			isa = XCBuildConfiguration;
			buildSettings = {
				PRODUCT_NAME = "$(TARGET_NAME)";
			};
			name = Release;
		};
		A351E61F1F14BD8600D4EA6D /* Debug */ = {
			isa = XCBuildConfiguration;
			buildSettings = {
				PRODUCT_NAME = "$(TARGET_NAME)";
			};
			name = Debug;
		};
		A351E6201F14BD8600D4EA6D /* Release */ = {
			isa = XCBuildConfiguration;
			buildSettings = {
				PRODUCT_NAME = "$(TARGET_NAME)";
			};
			name = Release;
		};
		A351E62A1F14C13800D4EA6D /* Debug */ = {
			isa = XCBuildConfiguration;
			buildSettings = {
				PRODUCT_NAME = "$(TARGET_NAME)";
			};
			name = Debug;
		};
		A351E62B1F14C13800D4EA6D /* Release */ = {
			isa = XCBuildConfiguration;
			buildSettings = {
				PRODUCT_NAME = "$(TARGET_NAME)";
			};
			name = Release;
		};
		A390BB351F15AA8F008F505C /* Debug */ = {
			isa = XCBuildConfiguration;
			buildSettings = {
				PRODUCT_NAME = "$(TARGET_NAME)";
			};
			name = Debug;
		};
		A390BB361F15AA8F008F505C /* Release */ = {
			isa = XCBuildConfiguration;
			buildSettings = {
				PRODUCT_NAME = "$(TARGET_NAME)";
			};
			name = Release;
		};
		A390BB411F15AF28008F505C /* Debug */ = {
			isa = XCBuildConfiguration;
			buildSettings = {
				PRODUCT_NAME = "$(TARGET_NAME)";
			};
			name = Debug;
		};
		A390BB421F15AF28008F505C /* Release */ = {
			isa = XCBuildConfiguration;
			buildSettings = {
				PRODUCT_NAME = "$(TARGET_NAME)";
			};
			name = Release;
		};
		A390BB4C1F15B351008F505C /* Debug */ = {
			isa = XCBuildConfiguration;
			buildSettings = {
				PRODUCT_NAME = "$(TARGET_NAME)";
			};
			name = Debug;
		};
		A390BB4D1F15B351008F505C /* Release */ = {
			isa = XCBuildConfiguration;
			buildSettings = {
				PRODUCT_NAME = "$(TARGET_NAME)";
			};
			name = Release;
		};
		A390BB571F15B7E0008F505C /* Debug */ = {
			isa = XCBuildConfiguration;
			buildSettings = {
				PRODUCT_NAME = "$(TARGET_NAME)";
			};
			name = Debug;
		};
		A390BB581F15B7E0008F505C /* Release */ = {
			isa = XCBuildConfiguration;
			buildSettings = {
				PRODUCT_NAME = "$(TARGET_NAME)";
			};
			name = Release;
		};
		A390BB621F15BFBE008F505C /* Debug */ = {
			isa = XCBuildConfiguration;
			buildSettings = {
				PRODUCT_NAME = "$(TARGET_NAME)";
			};
			name = Debug;
		};
		A390BB631F15BFBE008F505C /* Release */ = {
			isa = XCBuildConfiguration;
			buildSettings = {
				PRODUCT_NAME = "$(TARGET_NAME)";
			};
			name = Release;
		};
		A390BB6D1F15C9F2008F505C /* Debug */ = {
			isa = XCBuildConfiguration;
			buildSettings = {
				PRODUCT_NAME = "$(TARGET_NAME)";
			};
			name = Debug;
		};
		A390BB6E1F15C9F2008F505C /* Release */ = {
			isa = XCBuildConfiguration;
			buildSettings = {
				PRODUCT_NAME = "$(TARGET_NAME)";
			};
			name = Release;
		};
/* End XCBuildConfiguration section */

/* Begin XCConfigurationList section */
		A351E5FC1F14A51A00D4EA6D /* Build configuration list for PBXProject "结构体" */ = {
			isa = XCConfigurationList;
			buildConfigurations = (
				A351E6061F14A51A00D4EA6D /* Debug */,
				A351E6071F14A51A00D4EA6D /* Release */,
			);
			defaultConfigurationIsVisible = 0;
			defaultConfigurationName = Release;
		};
		A351E6081F14A51A00D4EA6D /* Build configuration list for PBXNativeTarget "结构体" */ = {
			isa = XCConfigurationList;
			buildConfigurations = (
				A351E6091F14A51A00D4EA6D /* Debug */,
				A351E60A1F14A51A00D4EA6D /* Release */,
			);
			defaultConfigurationIsVisible = 0;
			defaultConfigurationName = Release;
		};
		A351E6131F14AD5D00D4EA6D /* Build configuration list for PBXNativeTarget "结构体初始化" */ = {
			isa = XCConfigurationList;
			buildConfigurations = (
				A351E6141F14AD5D00D4EA6D /* Debug */,
				A351E6151F14AD5D00D4EA6D /* Release */,
			);
			defaultConfigurationIsVisible = 0;
			defaultConfigurationName = Release;
		};
		A351E61E1F14BD8600D4EA6D /* Build configuration list for PBXNativeTarget "结构体定义的多种方式" */ = {
			isa = XCConfigurationList;
			buildConfigurations = (
				A351E61F1F14BD8600D4EA6D /* Debug */,
				A351E6201F14BD8600D4EA6D /* Release */,
			);
			defaultConfigurationIsVisible = 0;
			defaultConfigurationName = Release;
		};
		A351E6291F14C13800D4EA6D /* Build configuration list for PBXNativeTarget "结构体类型的作用域" */ = {
			isa = XCConfigurationList;
			buildConfigurations = (
				A351E62A1F14C13800D4EA6D /* Debug */,
				A351E62B1F14C13800D4EA6D /* Release */,
			);
			defaultConfigurationIsVisible = 0;
			defaultConfigurationName = Release;
		};
		A390BB371F15AA8F008F505C /* Build configuration list for PBXNativeTarget "结构体存储细节" */ = {
			isa = XCConfigurationList;
			buildConfigurations = (
				A390BB351F15AA8F008F505C /* Debug */,
				A390BB361F15AA8F008F505C /* Release */,
			);
			defaultConfigurationIsVisible = 0;
		};
		A390BB401F15AF28008F505C /* Build configuration list for PBXNativeTarget "结构体数组" */ = {
			isa = XCConfigurationList;
			buildConfigurations = (
				A390BB411F15AF28008F505C /* Debug */,
				A390BB421F15AF28008F505C /* Release */,
			);
			defaultConfigurationIsVisible = 0;
		};
		A390BB4B1F15B351008F505C /* Build configuration list for PBXNativeTarget "结构体指针" */ = {
			isa = XCConfigurationList;
			buildConfigurations = (
				A390BB4C1F15B351008F505C /* Debug */,
				A390BB4D1F15B351008F505C /* Release */,
			);
			defaultConfigurationIsVisible = 0;
		};
		A390BB561F15B7E0008F505C /* Build configuration list for PBXNativeTarget "结构体嵌套" */ = {
			isa = XCConfigurationList;
			buildConfigurations = (
				A390BB571F15B7E0008F505C /* Debug */,
				A390BB581F15B7E0008F505C /* Release */,
			);
			defaultConfigurationIsVisible = 0;
		};
		A390BB611F15BFBE008F505C /* Build configuration list for PBXNativeTarget "结构体与函数" */ = {
			isa = XCConfigurationList;
			buildConfigurations = (
				A390BB621F15BFBE008F505C /* Debug */,
				A390BB631F15BFBE008F505C /* Release */,
			);
			defaultConfigurationIsVisible = 0;
		};
		A390BB6C1F15C9F2008F505C /* Build configuration list for PBXNativeTarget "枚举" */ = {
			isa = XCConfigurationList;
			buildConfigurations = (
				A390BB6D1F15C9F2008F505C /* Debug */,
				A390BB6E1F15C9F2008F505C /* Release */,
			);
			defaultConfigurationIsVisible = 0;
		};
/* End XCConfigurationList section */
	};
	rootObject = A351E5F91F14A51A00D4EA6D /* Project object */;
}
